{
  "version": 4,
  "terraform_version": "1.0.7",
  "serial": 20,
  "lineage": "ce76ad27-0722-657e-4e61-a5f596a9c5b1",
  "outputs": {
    "account_id": {
      "value": "238710184079",
      "type": "string"
    },
    "caller_arn": {
      "value": "arn:aws:iam::238710184079:user/eltigani-uda",
      "type": "string"
    },
    "caller_user": {
      "value": "AIDATPFB4LCH3NOHWOL44",
      "type": "string"
    },
    "private_subnet_ids": {
      "value": [
        "subnet-075e310bd61161c51",
        "subnet-0289e7a70ac9d6b44"
      ],
      "type": [
        "tuple",
        [
          "string",
          "string"
        ]
      ]
    },
    "public_subnet_ids": {
      "value": [
        "subnet-0dadbf6a13ff16963",
        "subnet-0cdc9b0f6f6ec0663"
      ],
      "type": [
        "tuple",
        [
          "string",
          "string"
        ]
      ]
    },
    "vpc_id": {
      "value": "vpc-027539fbfbde77248",
      "type": "string"
    }
  },
  "resources": [
    {
      "mode": "data",
      "type": "aws_ami",
      "name": "amazon_linux_2",
      "provider": "provider[\"registry.terraform.io/hashicorp/aws\"]",
      "instances": [
        {
          "schema_version": 0,
          "attributes": {
            "architecture": "x86_64",
            "arn": "arn:aws:ec2:us-east-2::image/ami-08b880b2d952935ec",
            "block_device_mappings": [
              {
                "device_name": "/dev/xvda",
                "ebs": {
                  "delete_on_termination": "true",
                  "encrypted": "false",
                  "iops": "0",
                  "snapshot_id": "snap-0dfefa7e770f474dc",
                  "throughput": "0",
                  "volume_size": "8",
                  "volume_type": "gp2"
                },
                "no_device": "",
                "virtual_name": ""
              }
            ],
            "boot_mode": "",
            "creation_date": "2023-10-13T23:43:46.000Z",
            "deprecation_time": "2025-07-01T00:00:00.000Z",
            "description": "Amazon Linux 2 AMI 2.0.20231012.1 x86_64 HVM gp2",
            "ena_support": true,
            "executable_users": null,
            "filter": [
              {
                "name": "name",
                "values": [
                  "amzn2-ami-hvm*"
                ]
              },
              {
                "name": "owner-alias",
                "values": [
                  "amazon"
                ]
              }
            ],
            "hypervisor": "xen",
            "id": "ami-08b880b2d952935ec",
            "image_id": "ami-08b880b2d952935ec",
            "image_location": "amazon/amzn2-ami-hvm-2.0.20231012.1-x86_64-gp2",
            "image_owner_alias": "amazon",
            "image_type": "machine",
            "imds_support": "",
            "include_deprecated": false,
            "kernel_id": "",
            "most_recent": true,
            "name": "amzn2-ami-hvm-2.0.20231012.1-x86_64-gp2",
            "name_regex": null,
            "owner_id": "137112412989",
            "owners": [
              "amazon"
            ],
            "platform": "",
            "platform_details": "Linux/UNIX",
            "product_codes": [],
            "public": true,
            "ramdisk_id": "",
            "root_device_name": "/dev/xvda",
            "root_device_type": "ebs",
            "root_snapshot_id": "snap-0dfefa7e770f474dc",
            "sriov_net_support": "simple",
            "state": "available",
            "state_reason": {
              "code": "UNSET",
              "message": "UNSET"
            },
            "tags": {},
            "timeouts": null,
            "tpm_support": "",
            "usage_operation": "RunInstances",
            "virtualization_type": "hvm"
          },
          "sensitive_attributes": []
        }
      ]
    },
    {
      "mode": "data",
      "type": "aws_caller_identity",
      "name": "current",
      "provider": "provider[\"registry.terraform.io/hashicorp/aws\"]",
      "instances": [
        {
          "schema_version": 0,
          "attributes": {
            "account_id": "238710184079",
            "arn": "arn:aws:iam::238710184079:user/eltigani-uda",
            "id": "238710184079",
            "user_id": "AIDATPFB4LCH3NOHWOL44"
          },
          "sensitive_attributes": []
        }
      ]
    },
    {
      "mode": "data",
      "type": "aws_eks_cluster",
      "name": "cluster",
      "provider": "provider[\"registry.terraform.io/hashicorp/aws\"]",
      "instances": [
        {
          "schema_version": 0,
          "attributes": {
            "arn": "arn:aws:eks:us-east-2:238710184079:cluster/udacity-cluster",
            "certificate_authority": [
              {
                "data": "LS0tLS1CRUdJTiBDRVJUSUZJQ0FURS0tLS0tCk1JSUMvakNDQWVhZ0F3SUJBZ0lCQURBTkJna3Foa2lHOXcwQkFRc0ZBREFWTVJNd0VRWURWUVFERXdwcmRXSmwKY201bGRHVnpNQjRYRFRJek1UQXlNakEyTkRJME5Gb1hEVE16TVRBeE9UQTJOREkwTkZvd0ZURVRNQkVHQTFVRQpBeE1LYTNWaVpYSnVaWFJsY3pDQ0FTSXdEUVlKS29aSWh2Y05BUUVCQlFBRGdnRVBBRENDQVFvQ2dnRUJBTFRYCmlueWs0QzErQzdiRVBsc3QrT0tRWEF5V2JoczRuRllmcXpjQUxqVWlWaXlKTEpRUzBEZDhQZzg5U0tsU2wvQzQKN0dSckdsbjVBL3RzSUdOVnRaK2RqQkQ1empSQUR5SmlONHlWNUZHK3I0bGQzNGJWWmM3dmpaMGlyMWFIMGp3NQpSK0lRKyt5NTZKVFRnUVRzUmV6alNQZGJZOWp0R3RGamhub3RLQzBaT3NNSENURU9lSjdySTBxNUxIS1dCUnJMCk1iNmlCdEZyQVRHSGFhSXF4UDBXSncySGZHU3I1eDhDV05MT2ZOcDZOL0Z5RGp5c2xTYXRPSkpELzB4ejRvZ28Kd0JjOTdnc0podDRnRk1EZTBRV3U5bmw1MUlTVytGMVNValRtaVJnRWJWOTc2SlVFTmVTWllZZVNvZ0tJcko2NQpFZkVTMnJHcXdLRkJDNVNPcHIwQ0F3RUFBYU5aTUZjd0RnWURWUjBQQVFIL0JBUURBZ0trTUE4R0ExVWRFd0VCCi93UUZNQU1CQWY4d0hRWURWUjBPQkJZRUZHYmpJZ0ludzhwOHFhQ2d1VFlkY3BzczJzWmRNQlVHQTFVZEVRUU8KTUF5Q0NtdDFZbVZ5Ym1WMFpYTXdEUVlKS29aSWh2Y05BUUVMQlFBRGdnRUJBSm9FMHc2Y3dDRy8vNmNUQy9TKwptS2ZXOEhOaWR6SFVBL2VpZ3lWNmRDbWFSLytsRTllR2lrL3hUMVJ6MitIRFhzWE1HaC9ONGI5YTdFcjdzYmNlCmo5TFVDN2prQnB5VTFRZHhZcUZhOFgxUXNUY0FGTWUvTW1UZmdWOEFtMXhTSnZLSmFhV2h1MVZTZi9RT3l5WFYKRjE1bjZYTGx0MGtVdW55UWVuNXNDa0VlWWMrL01HMko5elVwcUNlRnNiQldaRU9CeXAyY3NtZUtYMkNxVXJMMApxbGNLQ291dWd5ZGgvUkVjUXl1Skc1MkxFWTIxSjU0amN1RjdGNnFMcjhocTVWNmhLZ0REVkpPTk9HY0dxUDVNCm5YRkJ0cHdFNEVSQm5WOWcrcDZnSmxFdHJ3T2JEMzRkcUNiZjZpVyswZzlSUXFNOFRSdy9RaTZaVXRYdVdLUkYKTVA4PQotLS0tLUVORCBDRVJUSUZJQ0FURS0tLS0tCg=="
              }
            ],
            "cluster_id": null,
            "created_at": "2023-10-22 06:37:49.658 +0000 UTC",
            "enabled_cluster_log_types": [],
            "endpoint": "https://22F08B85791F2E01080BAD9550844604.sk1.us-east-2.eks.amazonaws.com",
            "id": "udacity-cluster",
            "identity": [
              {
                "oidc": [
                  {
                    "issuer": "https://oidc.eks.us-east-2.amazonaws.com/id/22F08B85791F2E01080BAD9550844604"
                  }
                ]
              }
            ],
            "kubernetes_network_config": [
              {
                "ip_family": "ipv4",
                "service_ipv4_cidr": "172.20.0.0/16",
                "service_ipv6_cidr": ""
              }
            ],
            "name": "udacity-cluster",
            "outpost_config": [],
            "platform_version": "eks.11",
            "role_arn": "arn:aws:iam::238710184079:role/app-udacity-eks-cluster-role",
            "status": "ACTIVE",
            "tags": {
              "Name": "udacity",
              "Terraform": "true"
            },
            "version": "1.24",
            "vpc_config": [
              {
                "cluster_security_group_id": "sg-006d4a8207bc2c7cc",
                "endpoint_private_access": false,
                "endpoint_public_access": true,
                "public_access_cidrs": [
                  "0.0.0.0/0"
                ],
                "security_group_ids": [
                  "sg-011ddfdfaa29ea12a"
                ],
                "subnet_ids": [
                  "subnet-01f6585fce2199d7e",
                  "subnet-0d43e288a3bb7599c"
                ],
                "vpc_id": "vpc-01abbf27c7a0d93a1"
              }
            ]
          },
          "sensitive_attributes": []
        }
      ]
    },
    {
      "mode": "data",
      "type": "aws_eks_cluster_auth",
      "name": "cluster",
      "provider": "provider[\"registry.terraform.io/hashicorp/aws\"]",
      "instances": [
        {
          "schema_version": 0,
          "attributes": {
            "id": "udacity-cluster",
            "name": "udacity-cluster",
            "token": "k8s-aws-v1.aHR0cHM6Ly9zdHMuYW1hem9uYXdzLmNvbS8_QWN0aW9uPUdldENhbGxlcklkZW50aXR5JlZlcnNpb249MjAxMS0wNi0xNSZYLUFtei1BbGdvcml0aG09QVdTNC1ITUFDLVNIQTI1NiZYLUFtei1DcmVkZW50aWFsPUFLSUFUUEZCNExDSFFXN1BUUUJJJTJGMjAyMzEwMjIlMkZ1cy1lYXN0LTElMkZzdHMlMkZhd3M0X3JlcXVlc3QmWC1BbXotRGF0ZT0yMDIzMTAyMlQxNDMzMzVaJlgtQW16LUV4cGlyZXM9MCZYLUFtei1TaWduZWRIZWFkZXJzPWhvc3QlM0J4LWs4cy1hd3MtaWQmWC1BbXotU2lnbmF0dXJlPTZiZTBhYzI0MWRkZmE1OTczZWI4MDA1OWVmMGYzNmNjNDQ0ZDRjMmRlZGM1ZTdhNjRkMjczMjRlMzhkMjI5YzI"
          },
          "sensitive_attributes": []
        }
      ]
    },
    {
      "mode": "managed",
      "type": "kubernetes_namespace",
      "name": "udacity",
      "provider": "provider[\"registry.terraform.io/hashicorp/kubernetes\"]",
      "instances": [
        {
          "schema_version": 0,
          "attributes": {
            "id": "udacity",
            "metadata": [
              {
                "annotations": {},
                "generate_name": "",
                "generation": 0,
                "labels": {},
                "name": "udacity",
                "resource_version": "1116",
                "uid": "8d50b160-deba-404c-9e00-ab2aab4f5588"
              }
            ],
            "timeouts": null,
            "wait_for_default_service_account": false
          },
          "sensitive_attributes": [],
          "private": "eyJlMmJmYjczMC1lY2FhLTExZTYtOGY4OC0zNDM2M2JjN2M0YzAiOnsiZGVsZXRlIjozMDAwMDAwMDAwMDB9fQ==",
          "dependencies": [
            "data.aws_caller_identity.current",
            "module.project_eks.aws_eks_cluster.cluster",
            "module.project_eks.aws_iam_role.eks_node_cluster_role",
            "module.vpc.aws_subnet.private",
            "module.project_ec2.aws_security_group.ec2_sg",
            "module.project_eks.aws_iam_role_policy_attachment.node_CloudWatchAgentServerPolicy",
            "module.project_eks.aws_iam_role_policy_attachment.node_AmazonEC2ContainerRegistryReadOnly",
            "module.vpc.aws_eip.nat",
            "module.vpc.aws_nat_gateway.this",
            "module.vpc.aws_route_table.private",
            "module.project_eks.aws_iam_policy.eks_cluster_role_cloudwatch_policy",
            "module.project_eks.aws_security_group.eks-cluster",
            "module.vpc.aws_route.public_internet_gateway",
            "module.vpc.aws_route_table_association.private",
            "module.vpc.aws_vpc.this",
            "module.project_eks.aws_eks_node_group.node",
            "module.project_eks.aws_iam_role_policy_attachment.cluster_AmazonEKSCloudwatchPolicy",
            "module.project_eks.aws_iam_role_policy_attachment.cluster_AmazonEKSServicePolicy",
            "module.project_eks.data.aws_iam_policy_document.eks_node_assume_role_policy",
            "module.vpc.aws_route_table.public",
            "module.project_eks.aws_iam_policy.eks_node_instance_policy",
            "module.project_eks.aws_iam_role_policy_attachment.node_harmony_policy_attachment",
            "module.project_eks.data.aws_iam_policy_document.eks_assume_role_policy",
            "module.vpc.aws_route_table_association.public",
            "data.aws_eks_cluster.cluster",
            "module.project_eks.aws_iam_role_policy_attachment.cluster_AmazonEKSClusterPolicy",
            "module.vpc.aws_internet_gateway.this",
            "module.vpc.aws_route.private_nat_gateway",
            "data.aws_eks_cluster_auth.cluster",
            "module.project_eks.aws_iam_role.eks_cluster_role",
            "module.project_eks.aws_iam_role_policy_attachment.node_AmazonEKSWorkerNodePolicy",
            "module.project_eks.aws_iam_role_policy_attachment.node_AmazonEKS_CNI_Policy",
            "module.vpc.aws_subnet.public"
          ]
        }
      ]
    },
    {
      "mode": "managed",
      "type": "kubernetes_service",
      "name": "grafana-external",
      "provider": "provider[\"registry.terraform.io/hashicorp/kubernetes\"]",
      "instances": [
        {
          "schema_version": 1,
          "attributes": {
            "id": "monitoring/grafana-external",
            "metadata": [
              {
                "annotations": {
                  "service.beta.kubernetes.io/aws-load-balancer-nlb-target-type": "ip",
                  "service.beta.kubernetes.io/aws-load-balancer-type": "nlb"
                },
                "generate_name": "",
                "generation": 0,
                "labels": {},
                "name": "grafana-external",
                "namespace": "monitoring",
                "resource_version": "47404",
                "uid": "da6e8657-48e6-41d5-91f0-c3b44ce3fde3"
              }
            ],
            "spec": [
              {
                "allocate_load_balancer_node_ports": true,
                "cluster_ip": "172.20.109.73",
                "cluster_ips": [
                  "172.20.109.73"
                ],
                "external_ips": [],
                "external_name": "",
                "external_traffic_policy": "Cluster",
                "health_check_node_port": 0,
                "internal_traffic_policy": "Cluster",
                "ip_families": [
                  "IPv4"
                ],
                "ip_family_policy": "SingleStack",
                "load_balancer_class": "",
                "load_balancer_ip": "",
                "load_balancer_source_ranges": [],
                "port": [
                  {
                    "app_protocol": "",
                    "name": "",
                    "node_port": 30031,
                    "port": 80,
                    "protocol": "TCP",
                    "target_port": "3000"
                  }
                ],
                "publish_not_ready_addresses": false,
                "selector": {
                  "app.kubernetes.io/name": "grafana"
                },
                "session_affinity": "None",
                "session_affinity_config": [],
                "type": "LoadBalancer"
              }
            ],
            "status": [
              {
                "load_balancer": [
                  {
                    "ingress": [
                      {
                        "hostname": "ada6e865748e641d591f0c3b44ce3fde-b24da9193ad80a1c.elb.us-east-2.amazonaws.com",
                        "ip": ""
                      }
                    ]
                  }
                ]
              }
            ],
            "timeouts": null,
            "wait_for_load_balancer": true
          },
          "sensitive_attributes": [],
          "private": "eyJlMmJmYjczMC1lY2FhLTExZTYtOGY4OC0zNDM2M2JjN2M0YzAiOnsiY3JlYXRlIjo2MDAwMDAwMDAwMDB9LCJzY2hlbWFfdmVyc2lvbiI6IjEifQ==",
          "dependencies": [
            "module.project_eks.aws_iam_policy.eks_cluster_role_cloudwatch_policy",
            "module.project_eks.aws_iam_policy.eks_node_instance_policy",
            "module.project_eks.aws_iam_role_policy_attachment.node_CloudWatchAgentServerPolicy",
            "module.vpc.aws_route_table.private",
            "module.project_eks.aws_iam_role.eks_node_cluster_role",
            "module.project_eks.data.aws_iam_policy_document.eks_node_assume_role_policy",
            "module.vpc.aws_internet_gateway.this",
            "data.aws_caller_identity.current",
            "data.aws_eks_cluster_auth.cluster",
            "module.project_eks.aws_iam_role_policy_attachment.node_harmony_policy_attachment",
            "module.vpc.aws_eip.nat",
            "module.vpc.aws_vpc.this",
            "module.project_eks.aws_iam_role_policy_attachment.node_AmazonEC2ContainerRegistryReadOnly",
            "module.project_eks.aws_iam_role_policy_attachment.node_AmazonEKSWorkerNodePolicy",
            "module.vpc.aws_route.private_nat_gateway",
            "module.vpc.aws_route_table_association.private",
            "module.vpc.aws_subnet.private",
            "module.vpc.aws_nat_gateway.this",
            "data.aws_eks_cluster.cluster",
            "module.project_eks.aws_eks_cluster.cluster",
            "module.project_eks.aws_eks_node_group.node",
            "module.project_eks.aws_security_group.eks-cluster",
            "module.project_eks.data.aws_iam_policy_document.eks_assume_role_policy",
            "module.vpc.aws_route_table_association.public",
            "module.project_eks.aws_iam_role.eks_cluster_role",
            "module.project_eks.aws_iam_role_policy_attachment.cluster_AmazonEKSCloudwatchPolicy",
            "module.project_eks.aws_iam_role_policy_attachment.cluster_AmazonEKSClusterPolicy",
            "module.project_eks.aws_iam_role_policy_attachment.node_AmazonEKS_CNI_Policy",
            "module.vpc.aws_route.public_internet_gateway",
            "module.project_ec2.aws_security_group.ec2_sg",
            "module.project_eks.aws_iam_role_policy_attachment.cluster_AmazonEKSServicePolicy",
            "module.vpc.aws_route_table.public",
            "module.vpc.aws_subnet.public"
          ]
        }
      ]
    },
    {
      "module": "module.new_alb",
      "mode": "managed",
      "type": "aws_lb",
      "name": "alb",
      "provider": "provider[\"registry.terraform.io/hashicorp/aws\"]",
      "instances": [
        {
          "schema_version": 0,
          "attributes": {
            "access_logs": [
              {
                "bucket": "",
                "enabled": false,
                "prefix": ""
              }
            ],
            "arn": "arn:aws:elasticloadbalancing:us-east-2:238710184079:loadbalancer/app/a-lb-tf/9a6f222a4b558fff",
            "arn_suffix": "app/a-lb-tf/9a6f222a4b558fff",
            "customer_owned_ipv4_pool": "",
            "desync_mitigation_mode": "defensive",
            "dns_name": "a-lb-tf-1413536873.us-east-2.elb.amazonaws.com",
            "drop_invalid_header_fields": false,
            "enable_cross_zone_load_balancing": true,
            "enable_deletion_protection": false,
            "enable_http2": true,
            "enable_tls_version_and_cipher_suite_headers": false,
            "enable_waf_fail_open": false,
            "enable_xff_client_port": false,
            "id": "arn:aws:elasticloadbalancing:us-east-2:238710184079:loadbalancer/app/a-lb-tf/9a6f222a4b558fff",
            "idle_timeout": 60,
            "internal": false,
            "ip_address_type": "ipv4",
            "load_balancer_type": "application",
            "name": "a-lb-tf",
            "name_prefix": null,
            "preserve_host_header": false,
            "security_groups": [
              "sg-0b87612c84f99c470"
            ],
            "subnet_mapping": [
              {
                "allocation_id": "",
                "ipv6_address": "",
                "outpost_id": "",
                "private_ipv4_address": "",
                "subnet_id": "subnet-028b8ad02f25590c7"
              },
              {
                "allocation_id": "",
                "ipv6_address": "",
                "outpost_id": "",
                "private_ipv4_address": "",
                "subnet_id": "subnet-097a0111b7941a6f9"
              }
            ],
            "subnets": [
              "subnet-028b8ad02f25590c7",
              "subnet-097a0111b7941a6f9"
            ],
            "tags": {},
            "tags_all": {
              "Name": "udacity",
              "Terraform": "true"
            },
            "timeouts": null,
            "vpc_id": "vpc-01abbf27c7a0d93a1",
            "xff_header_processing_mode": "append",
            "zone_id": "Z3AADJGX6KTTL2"
          },
          "sensitive_attributes": [],
          "private": "eyJlMmJmYjczMC1lY2FhLTExZTYtOGY4OC0zNDM2M2JjN2M0YzAiOnsiY3JlYXRlIjo2MDAwMDAwMDAwMDAsImRlbGV0ZSI6NjAwMDAwMDAwMDAwLCJ1cGRhdGUiOjYwMDAwMDAwMDAwMH19",
          "dependencies": [
            "module.vpc.aws_subnet.public",
            "module.vpc.aws_vpc.this",
            "module.project_ec2.aws_security_group.ec2_sg"
          ]
        }
      ]
    },
    {
      "module": "module.new_alb",
      "mode": "managed",
      "type": "aws_lb_listener",
      "name": "alb",
      "provider": "provider[\"registry.terraform.io/hashicorp/aws\"]",
      "instances": [
        {
          "schema_version": 0,
          "attributes": {
            "alpn_policy": null,
            "arn": "arn:aws:elasticloadbalancing:us-east-2:238710184079:listener/app/a-lb-tf/9a6f222a4b558fff/741b3d0efead7aa5",
            "certificate_arn": null,
            "default_action": [
              {
                "authenticate_cognito": [],
                "authenticate_oidc": [],
                "fixed_response": [],
                "forward": [],
                "order": 1,
                "redirect": [],
                "target_group_arn": "arn:aws:elasticloadbalancing:us-east-2:238710184079:targetgroup/a-lb-tg/e193063d05f3047b",
                "type": "forward"
              }
            ],
            "id": "arn:aws:elasticloadbalancing:us-east-2:238710184079:listener/app/a-lb-tf/9a6f222a4b558fff/741b3d0efead7aa5",
            "load_balancer_arn": "arn:aws:elasticloadbalancing:us-east-2:238710184079:loadbalancer/app/a-lb-tf/9a6f222a4b558fff",
            "port": 80,
            "protocol": "HTTP",
            "ssl_policy": "",
            "tags": {},
            "tags_all": {
              "Name": "udacity",
              "Terraform": "true"
            },
            "timeouts": null
          },
          "sensitive_attributes": [],
          "private": "eyJlMmJmYjczMC1lY2FhLTExZTYtOGY4OC0zNDM2M2JjN2M0YzAiOnsicmVhZCI6NjAwMDAwMDAwMDAwfX0=",
          "dependencies": [
            "module.project_ec2.aws_security_group.ec2_sg",
            "module.vpc.aws_subnet.public",
            "module.vpc.aws_vpc.this",
            "module.new_alb.aws_lb.alb",
            "module.new_alb.aws_lb_target_group.alb"
          ]
        }
      ]
    },
    {
      "module": "module.new_alb",
      "mode": "managed",
      "type": "aws_lb_target_group",
      "name": "alb",
      "provider": "provider[\"registry.terraform.io/hashicorp/aws\"]",
      "instances": [
        {
          "schema_version": 0,
          "attributes": {
            "arn": "arn:aws:elasticloadbalancing:us-east-2:238710184079:targetgroup/a-lb-tg/e193063d05f3047b",
            "arn_suffix": "targetgroup/a-lb-tg/e193063d05f3047b",
            "connection_termination": false,
            "deregistration_delay": "300",
            "health_check": [
              {
                "enabled": true,
                "healthy_threshold": 5,
                "interval": 30,
                "matcher": "200",
                "path": "/",
                "port": "traffic-port",
                "protocol": "HTTP",
                "timeout": 5,
                "unhealthy_threshold": 2
              }
            ],
            "id": "arn:aws:elasticloadbalancing:us-east-2:238710184079:targetgroup/a-lb-tg/e193063d05f3047b",
            "ip_address_type": "ipv4",
            "lambda_multi_value_headers_enabled": false,
            "load_balancing_algorithm_type": "round_robin",
            "load_balancing_cross_zone_enabled": "use_load_balancer_configuration",
            "name": "a-lb-tg",
            "name_prefix": null,
            "port": 80,
            "preserve_client_ip": null,
            "protocol": "HTTP",
            "protocol_version": "HTTP1",
            "proxy_protocol_v2": false,
            "slow_start": 0,
            "stickiness": [
              {
                "cookie_duration": 86400,
                "cookie_name": "",
                "enabled": false,
                "type": "lb_cookie"
              }
            ],
            "tags": {},
            "tags_all": {
              "Name": "udacity",
              "Terraform": "true"
            },
            "target_failover": [
              {
                "on_deregistration": null,
                "on_unhealthy": null
              }
            ],
            "target_type": "instance",
            "vpc_id": "vpc-01abbf27c7a0d93a1"
          },
          "sensitive_attributes": [],
          "private": "bnVsbA==",
          "dependencies": [
            "module.vpc.aws_vpc.this"
          ]
        }
      ]
    },
    {
      "module": "module.new_alb",
      "mode": "managed",
      "type": "aws_lb_target_group_attachment",
      "name": "alb",
      "provider": "provider[\"registry.terraform.io/hashicorp/aws\"]",
      "instances": [
        {
          "index_key": 0,
          "schema_version": 0,
          "attributes": {
            "availability_zone": null,
            "id": "arn:aws:elasticloadbalancing:us-east-2:238710184079:targetgroup/a-lb-tg/e193063d05f3047b-20231022063609761200000006",
            "port": 80,
            "target_group_arn": "arn:aws:elasticloadbalancing:us-east-2:238710184079:targetgroup/a-lb-tg/e193063d05f3047b",
            "target_id": "i-084551cf1167851c3"
          },
          "sensitive_attributes": [],
          "private": "bnVsbA==",
          "dependencies": [
            "module.project_ec2.aws_security_group.ec2_sg",
            "module.vpc.aws_subnet.public",
            "module.vpc.aws_vpc.this",
            "module.new_alb.aws_lb_target_group.alb",
            "module.project_ec2.aws_instance.ubuntu"
          ]
        },
        {
          "index_key": 1,
          "schema_version": 0,
          "attributes": {
            "availability_zone": null,
            "id": "arn:aws:elasticloadbalancing:us-east-2:238710184079:targetgroup/a-lb-tg/e193063d05f3047b-20231022063609434600000005",
            "port": 80,
            "target_group_arn": "arn:aws:elasticloadbalancing:us-east-2:238710184079:targetgroup/a-lb-tg/e193063d05f3047b",
            "target_id": "i-0b447fcf771eb7771"
          },
          "sensitive_attributes": [],
          "private": "bnVsbA==",
          "dependencies": [
            "module.project_ec2.aws_security_group.ec2_sg",
            "module.vpc.aws_subnet.public",
            "module.vpc.aws_vpc.this",
            "module.new_alb.aws_lb_target_group.alb",
            "module.project_ec2.aws_instance.ubuntu"
          ]
        }
      ]
    },
    {
      "module": "module.project_ec2",
      "mode": "managed",
      "type": "aws_instance",
      "name": "ubuntu",
      "provider": "provider[\"registry.terraform.io/hashicorp/aws\"]",
      "instances": [
        {
          "index_key": 0,
          "schema_version": 1,
          "attributes": {
            "ami": "ami-01555873be4332c86",
            "arn": "arn:aws:ec2:us-east-2:238710184079:instance/i-084551cf1167851c3",
            "associate_public_ip_address": true,
            "availability_zone": "us-east-2a",
            "capacity_reservation_specification": [
              {
                "capacity_reservation_preference": "open",
                "capacity_reservation_target": []
              }
            ],
            "cpu_core_count": 1,
            "cpu_options": [
              {
                "amd_sev_snp": "",
                "core_count": 1,
                "threads_per_core": 2
              }
            ],
            "cpu_threads_per_core": 2,
            "credit_specification": [
              {
                "cpu_credits": "unlimited"
              }
            ],
            "disable_api_stop": false,
            "disable_api_termination": false,
            "ebs_block_device": [],
            "ebs_optimized": false,
            "enclave_options": [
              {
                "enabled": false
              }
            ],
            "ephemeral_block_device": [],
            "get_password_data": false,
            "hibernation": false,
            "host_id": "",
            "host_resource_group_arn": null,
            "iam_instance_profile": "",
            "id": "i-084551cf1167851c3",
            "instance_initiated_shutdown_behavior": "stop",
            "instance_lifecycle": "",
            "instance_market_options": [],
            "instance_state": "running",
            "instance_type": "t3.micro",
            "ipv6_address_count": 0,
            "ipv6_addresses": [],
            "key_name": "udacity",
            "launch_template": [],
            "maintenance_options": [
              {
                "auto_recovery": "default"
              }
            ],
            "metadata_options": [
              {
                "http_endpoint": "enabled",
                "http_protocol_ipv6": "disabled",
                "http_put_response_hop_limit": 1,
                "http_tokens": "optional",
                "instance_metadata_tags": "disabled"
              }
            ],
            "monitoring": false,
            "network_interface": [],
            "outpost_arn": "",
            "password_data": "",
            "placement_group": "",
            "placement_partition_number": 0,
            "primary_network_interface_id": "eni-03e9afd86da6568e0",
            "private_dns": "ip-10-100-10-58.us-east-2.compute.internal",
            "private_dns_name_options": [
              {
                "enable_resource_name_dns_a_record": false,
                "enable_resource_name_dns_aaaa_record": false,
                "hostname_type": "ip-name"
              }
            ],
            "private_ip": "10.100.10.58",
            "public_dns": "ec2-18-220-250-132.us-east-2.compute.amazonaws.com",
            "public_ip": "18.220.250.132",
            "root_block_device": [
              {
                "delete_on_termination": true,
                "device_name": "/dev/sda1",
                "encrypted": false,
                "iops": 100,
                "kms_key_id": "",
                "tags": {},
                "throughput": 0,
                "volume_id": "vol-013d4826951630a2d",
                "volume_size": 8,
                "volume_type": "gp2"
              }
            ],
            "secondary_private_ips": [],
            "security_groups": [],
            "source_dest_check": true,
            "spot_instance_request_id": "",
            "subnet_id": "subnet-028b8ad02f25590c7",
            "tags": {
              "Name": "Ubuntu-Web"
            },
            "tags_all": {
              "Name": "Ubuntu-Web",
              "Terraform": "true"
            },
            "tenancy": "default",
            "timeouts": null,
            "user_data": null,
            "user_data_base64": null,
            "user_data_replace_on_change": false,
            "volume_tags": null,
            "vpc_security_group_ids": [
              "sg-0b87612c84f99c470"
            ]
          },
          "sensitive_attributes": [],
          "private": "eyJlMmJmYjczMC1lY2FhLTExZTYtOGY4OC0zNDM2M2JjN2M0YzAiOnsiY3JlYXRlIjo2MDAwMDAwMDAwMDAsImRlbGV0ZSI6MTIwMDAwMDAwMDAwMCwidXBkYXRlIjo2MDAwMDAwMDAwMDB9LCJzY2hlbWFfdmVyc2lvbiI6IjEifQ==",
          "dependencies": [
            "module.project_ec2.aws_security_group.ec2_sg",
            "module.vpc.aws_subnet.public",
            "module.vpc.aws_vpc.this"
          ]
        },
        {
          "index_key": 1,
          "schema_version": 1,
          "attributes": {
            "ami": "ami-01555873be4332c86",
            "arn": "arn:aws:ec2:us-east-2:238710184079:instance/i-0b447fcf771eb7771",
            "associate_public_ip_address": true,
            "availability_zone": "us-east-2a",
            "capacity_reservation_specification": [
              {
                "capacity_reservation_preference": "open",
                "capacity_reservation_target": []
              }
            ],
            "cpu_core_count": 1,
            "cpu_options": [
              {
                "amd_sev_snp": "",
                "core_count": 1,
                "threads_per_core": 2
              }
            ],
            "cpu_threads_per_core": 2,
            "credit_specification": [
              {
                "cpu_credits": "unlimited"
              }
            ],
            "disable_api_stop": false,
            "disable_api_termination": false,
            "ebs_block_device": [],
            "ebs_optimized": false,
            "enclave_options": [
              {
                "enabled": false
              }
            ],
            "ephemeral_block_device": [],
            "get_password_data": false,
            "hibernation": false,
            "host_id": "",
            "host_resource_group_arn": null,
            "iam_instance_profile": "",
            "id": "i-0b447fcf771eb7771",
            "instance_initiated_shutdown_behavior": "stop",
            "instance_lifecycle": "",
            "instance_market_options": [],
            "instance_state": "running",
            "instance_type": "t3.micro",
            "ipv6_address_count": 0,
            "ipv6_addresses": [],
            "key_name": "udacity",
            "launch_template": [],
            "maintenance_options": [
              {
                "auto_recovery": "default"
              }
            ],
            "metadata_options": [
              {
                "http_endpoint": "enabled",
                "http_protocol_ipv6": "disabled",
                "http_put_response_hop_limit": 1,
                "http_tokens": "optional",
                "instance_metadata_tags": "disabled"
              }
            ],
            "monitoring": false,
            "network_interface": [],
            "outpost_arn": "",
            "password_data": "",
            "placement_group": "",
            "placement_partition_number": 0,
            "primary_network_interface_id": "eni-0acd53368d44a0d0b",
            "private_dns": "ip-10-100-10-33.us-east-2.compute.internal",
            "private_dns_name_options": [
              {
                "enable_resource_name_dns_a_record": false,
                "enable_resource_name_dns_aaaa_record": false,
                "hostname_type": "ip-name"
              }
            ],
            "private_ip": "10.100.10.33",
            "public_dns": "ec2-3-15-142-4.us-east-2.compute.amazonaws.com",
            "public_ip": "3.15.142.4",
            "root_block_device": [
              {
                "delete_on_termination": true,
                "device_name": "/dev/sda1",
                "encrypted": false,
                "iops": 100,
                "kms_key_id": "",
                "tags": {},
                "throughput": 0,
                "volume_id": "vol-0dcc1cdfa51e01e3a",
                "volume_size": 8,
                "volume_type": "gp2"
              }
            ],
            "secondary_private_ips": [],
            "security_groups": [],
            "source_dest_check": true,
            "spot_instance_request_id": "",
            "subnet_id": "subnet-028b8ad02f25590c7",
            "tags": {
              "Name": "Ubuntu-Web"
            },
            "tags_all": {
              "Name": "Ubuntu-Web",
              "Terraform": "true"
            },
            "tenancy": "default",
            "timeouts": null,
            "user_data": null,
            "user_data_base64": null,
            "user_data_replace_on_change": false,
            "volume_tags": null,
            "vpc_security_group_ids": [
              "sg-0b87612c84f99c470"
            ]
          },
          "sensitive_attributes": [],
          "private": "eyJlMmJmYjczMC1lY2FhLTExZTYtOGY4OC0zNDM2M2JjN2M0YzAiOnsiY3JlYXRlIjo2MDAwMDAwMDAwMDAsImRlbGV0ZSI6MTIwMDAwMDAwMDAwMCwidXBkYXRlIjo2MDAwMDAwMDAwMDB9LCJzY2hlbWFfdmVyc2lvbiI6IjEifQ==",
          "dependencies": [
            "module.project_ec2.aws_security_group.ec2_sg",
            "module.vpc.aws_subnet.public",
            "module.vpc.aws_vpc.this"
          ]
        },
        {
          "index_key": 2,
          "schema_version": 1,
          "attributes": {
            "ami": "ami-01555873be4332c86",
            "arn": "arn:aws:ec2:us-east-2:238710184079:instance/i-067c2154dba6cfc6a",
            "associate_public_ip_address": true,
            "availability_zone": "us-east-2a",
            "capacity_reservation_specification": [
              {
                "capacity_reservation_preference": "open",
                "capacity_reservation_target": []
              }
            ],
            "cpu_core_count": 1,
            "cpu_options": [
              {
                "amd_sev_snp": "",
                "core_count": 1,
                "threads_per_core": 2
              }
            ],
            "cpu_threads_per_core": 2,
            "credit_specification": [
              {
                "cpu_credits": "unlimited"
              }
            ],
            "disable_api_stop": false,
            "disable_api_termination": false,
            "ebs_block_device": [],
            "ebs_optimized": false,
            "enclave_options": [
              {
                "enabled": false
              }
            ],
            "ephemeral_block_device": [],
            "get_password_data": false,
            "hibernation": false,
            "host_id": "",
            "host_resource_group_arn": null,
            "iam_instance_profile": "",
            "id": "i-067c2154dba6cfc6a",
            "instance_initiated_shutdown_behavior": "stop",
            "instance_lifecycle": "",
            "instance_market_options": [],
            "instance_state": "running",
            "instance_type": "t3.micro",
            "ipv6_address_count": 0,
            "ipv6_addresses": [],
            "key_name": "udacity",
            "launch_template": [],
            "maintenance_options": [
              {
                "auto_recovery": "default"
              }
            ],
            "metadata_options": [
              {
                "http_endpoint": "enabled",
                "http_protocol_ipv6": "disabled",
                "http_put_response_hop_limit": 1,
                "http_tokens": "optional",
                "instance_metadata_tags": "disabled"
              }
            ],
            "monitoring": false,
            "network_interface": [],
            "outpost_arn": "",
            "password_data": "",
            "placement_group": "",
            "placement_partition_number": 0,
            "primary_network_interface_id": "eni-0e81b8bd92968ac3a",
            "private_dns": "ip-10-100-10-229.us-east-2.compute.internal",
            "private_dns_name_options": [
              {
                "enable_resource_name_dns_a_record": false,
                "enable_resource_name_dns_aaaa_record": false,
                "hostname_type": "ip-name"
              }
            ],
            "private_ip": "10.100.10.229",
            "public_dns": "ec2-3-147-103-38.us-east-2.compute.amazonaws.com",
            "public_ip": "3.147.103.38",
            "root_block_device": [
              {
                "delete_on_termination": true,
                "device_name": "/dev/sda1",
                "encrypted": false,
                "iops": 100,
                "kms_key_id": "",
                "tags": {},
                "throughput": 0,
                "volume_id": "vol-010254142e6a33380",
                "volume_size": 8,
                "volume_type": "gp2"
              }
            ],
            "secondary_private_ips": [],
            "security_groups": [],
            "source_dest_check": true,
            "spot_instance_request_id": "",
            "subnet_id": "subnet-028b8ad02f25590c7",
            "tags": {
              "Name": "Ubuntu-Web"
            },
            "tags_all": {
              "Name": "Ubuntu-Web",
              "Terraform": "true"
            },
            "tenancy": "default",
            "timeouts": null,
            "user_data": null,
            "user_data_base64": null,
            "user_data_replace_on_change": false,
            "volume_tags": null,
            "vpc_security_group_ids": [
              "sg-0b87612c84f99c470"
            ]
          },
          "sensitive_attributes": [],
          "private": "eyJlMmJmYjczMC1lY2FhLTExZTYtOGY4OC0zNDM2M2JjN2M0YzAiOnsiY3JlYXRlIjo2MDAwMDAwMDAwMDAsImRlbGV0ZSI6MTIwMDAwMDAwMDAwMCwidXBkYXRlIjo2MDAwMDAwMDAwMDB9LCJzY2hlbWFfdmVyc2lvbiI6IjEifQ==",
          "dependencies": [
            "module.vpc.aws_subnet.public",
            "module.vpc.aws_vpc.this",
            "module.project_ec2.aws_security_group.ec2_sg"
          ]
        }
      ]
    },
    {
      "module": "module.project_ec2",
      "mode": "managed",
      "type": "aws_security_group",
      "name": "ec2_sg",
      "provider": "provider[\"registry.terraform.io/hashicorp/aws\"]",
      "instances": [
        {
          "schema_version": 1,
          "attributes": {
            "arn": "arn:aws:ec2:us-east-2:238710184079:security-group/sg-0b87612c84f99c470",
            "description": "Managed by Terraform",
            "egress": [
              {
                "cidr_blocks": [
                  "0.0.0.0/0"
                ],
                "description": "",
                "from_port": 0,
                "ipv6_cidr_blocks": [],
                "prefix_list_ids": [],
                "protocol": "-1",
                "security_groups": [],
                "self": false,
                "to_port": 0
              }
            ],
            "id": "sg-0b87612c84f99c470",
            "ingress": [
              {
                "cidr_blocks": [
                  "0.0.0.0/0"
                ],
                "description": "monitoring",
                "from_port": 9100,
                "ipv6_cidr_blocks": [],
                "prefix_list_ids": [],
                "protocol": "tcp",
                "security_groups": [],
                "self": false,
                "to_port": 9100
              },
              {
                "cidr_blocks": [
                  "0.0.0.0/0"
                ],
                "description": "ssh port",
                "from_port": 22,
                "ipv6_cidr_blocks": [],
                "prefix_list_ids": [],
                "protocol": "tcp",
                "security_groups": [],
                "self": false,
                "to_port": 22
              },
              {
                "cidr_blocks": [
                  "0.0.0.0/0"
                ],
                "description": "web port",
                "from_port": 80,
                "ipv6_cidr_blocks": [],
                "prefix_list_ids": [],
                "protocol": "tcp",
                "security_groups": [],
                "self": false,
                "to_port": 80
              }
            ],
            "name": "ec2_sg",
            "name_prefix": "",
            "owner_id": "238710184079",
            "revoke_rules_on_delete": false,
            "tags": {
              "Name": "ec2_sg"
            },
            "tags_all": {
              "Name": "ec2_sg",
              "Terraform": "true"
            },
            "timeouts": null,
            "vpc_id": "vpc-01abbf27c7a0d93a1"
          },
          "sensitive_attributes": [],
          "private": "eyJlMmJmYjczMC1lY2FhLTExZTYtOGY4OC0zNDM2M2JjN2M0YzAiOnsiY3JlYXRlIjo2MDAwMDAwMDAwMDAsImRlbGV0ZSI6OTAwMDAwMDAwMDAwfSwic2NoZW1hX3ZlcnNpb24iOiIxIn0=",
          "dependencies": [
            "module.vpc.aws_vpc.this"
          ]
        }
      ]
    },
    {
      "module": "module.project_eks",
      "mode": "data",
      "type": "aws_iam_policy_document",
      "name": "eks_assume_role_policy",
      "provider": "provider[\"registry.terraform.io/hashicorp/aws\"]",
      "instances": [
        {
          "schema_version": 0,
          "attributes": {
            "id": "3552664922",
            "json": "{\n  \"Version\": \"2012-10-17\",\n  \"Statement\": [\n    {\n      \"Effect\": \"Allow\",\n      \"Action\": \"sts:AssumeRole\",\n      \"Principal\": {\n        \"Service\": \"eks.amazonaws.com\"\n      }\n    }\n  ]\n}",
            "override_policy_documents": null,
            "policy_id": null,
            "source_policy_documents": null,
            "statement": [
              {
                "actions": [
                  "sts:AssumeRole"
                ],
                "condition": [],
                "effect": "Allow",
                "not_actions": [],
                "not_principals": [],
                "not_resources": [],
                "principals": [
                  {
                    "identifiers": [
                      "eks.amazonaws.com"
                    ],
                    "type": "Service"
                  }
                ],
                "resources": [],
                "sid": ""
              }
            ],
            "version": "2012-10-17"
          },
          "sensitive_attributes": []
        }
      ]
    },
    {
      "module": "module.project_eks",
      "mode": "data",
      "type": "aws_iam_policy_document",
      "name": "eks_node_assume_role_policy",
      "provider": "provider[\"registry.terraform.io/hashicorp/aws\"]",
      "instances": [
        {
          "schema_version": 0,
          "attributes": {
            "id": "2851119427",
            "json": "{\n  \"Version\": \"2012-10-17\",\n  \"Statement\": [\n    {\n      \"Effect\": \"Allow\",\n      \"Action\": \"sts:AssumeRole\",\n      \"Principal\": {\n        \"Service\": \"ec2.amazonaws.com\"\n      }\n    }\n  ]\n}",
            "override_policy_documents": null,
            "policy_id": null,
            "source_policy_documents": null,
            "statement": [
              {
                "actions": [
                  "sts:AssumeRole"
                ],
                "condition": [],
                "effect": "Allow",
                "not_actions": [],
                "not_principals": [],
                "not_resources": [],
                "principals": [
                  {
                    "identifiers": [
                      "ec2.amazonaws.com"
                    ],
                    "type": "Service"
                  }
                ],
                "resources": [],
                "sid": ""
              }
            ],
            "version": "2012-10-17"
          },
          "sensitive_attributes": []
        }
      ]
    },
    {
      "module": "module.project_eks",
      "mode": "managed",
      "type": "aws_eks_cluster",
      "name": "cluster",
      "provider": "provider[\"registry.terraform.io/hashicorp/aws\"]",
      "instances": [
        {
          "schema_version": 0,
          "attributes": {
            "arn": "arn:aws:eks:us-east-2:238710184079:cluster/udacity-cluster",
            "certificate_authority": [
              {
                "data": "LS0tLS1CRUdJTiBDRVJUSUZJQ0FURS0tLS0tCk1JSUMvakNDQWVhZ0F3SUJBZ0lCQURBTkJna3Foa2lHOXcwQkFRc0ZBREFWTVJNd0VRWURWUVFERXdwcmRXSmwKY201bGRHVnpNQjRYRFRJek1UQXlNakEyTkRJME5Gb1hEVE16TVRBeE9UQTJOREkwTkZvd0ZURVRNQkVHQTFVRQpBeE1LYTNWaVpYSnVaWFJsY3pDQ0FTSXdEUVlKS29aSWh2Y05BUUVCQlFBRGdnRVBBRENDQVFvQ2dnRUJBTFRYCmlueWs0QzErQzdiRVBsc3QrT0tRWEF5V2JoczRuRllmcXpjQUxqVWlWaXlKTEpRUzBEZDhQZzg5U0tsU2wvQzQKN0dSckdsbjVBL3RzSUdOVnRaK2RqQkQ1empSQUR5SmlONHlWNUZHK3I0bGQzNGJWWmM3dmpaMGlyMWFIMGp3NQpSK0lRKyt5NTZKVFRnUVRzUmV6alNQZGJZOWp0R3RGamhub3RLQzBaT3NNSENURU9lSjdySTBxNUxIS1dCUnJMCk1iNmlCdEZyQVRHSGFhSXF4UDBXSncySGZHU3I1eDhDV05MT2ZOcDZOL0Z5RGp5c2xTYXRPSkpELzB4ejRvZ28Kd0JjOTdnc0podDRnRk1EZTBRV3U5bmw1MUlTVytGMVNValRtaVJnRWJWOTc2SlVFTmVTWllZZVNvZ0tJcko2NQpFZkVTMnJHcXdLRkJDNVNPcHIwQ0F3RUFBYU5aTUZjd0RnWURWUjBQQVFIL0JBUURBZ0trTUE4R0ExVWRFd0VCCi93UUZNQU1CQWY4d0hRWURWUjBPQkJZRUZHYmpJZ0ludzhwOHFhQ2d1VFlkY3BzczJzWmRNQlVHQTFVZEVRUU8KTUF5Q0NtdDFZbVZ5Ym1WMFpYTXdEUVlKS29aSWh2Y05BUUVMQlFBRGdnRUJBSm9FMHc2Y3dDRy8vNmNUQy9TKwptS2ZXOEhOaWR6SFVBL2VpZ3lWNmRDbWFSLytsRTllR2lrL3hUMVJ6MitIRFhzWE1HaC9ONGI5YTdFcjdzYmNlCmo5TFVDN2prQnB5VTFRZHhZcUZhOFgxUXNUY0FGTWUvTW1UZmdWOEFtMXhTSnZLSmFhV2h1MVZTZi9RT3l5WFYKRjE1bjZYTGx0MGtVdW55UWVuNXNDa0VlWWMrL01HMko5elVwcUNlRnNiQldaRU9CeXAyY3NtZUtYMkNxVXJMMApxbGNLQ291dWd5ZGgvUkVjUXl1Skc1MkxFWTIxSjU0amN1RjdGNnFMcjhocTVWNmhLZ0REVkpPTk9HY0dxUDVNCm5YRkJ0cHdFNEVSQm5WOWcrcDZnSmxFdHJ3T2JEMzRkcUNiZjZpVyswZzlSUXFNOFRSdy9RaTZaVXRYdVdLUkYKTVA4PQotLS0tLUVORCBDRVJUSUZJQ0FURS0tLS0tCg=="
              }
            ],
            "cluster_id": null,
            "created_at": "2023-10-22 06:37:49.658 +0000 UTC",
            "enabled_cluster_log_types": [],
            "encryption_config": [],
            "endpoint": "https://22F08B85791F2E01080BAD9550844604.sk1.us-east-2.eks.amazonaws.com",
            "id": "udacity-cluster",
            "identity": [
              {
                "oidc": [
                  {
                    "issuer": "https://oidc.eks.us-east-2.amazonaws.com/id/22F08B85791F2E01080BAD9550844604"
                  }
                ]
              }
            ],
            "kubernetes_network_config": [
              {
                "ip_family": "ipv4",
                "service_ipv4_cidr": "172.20.0.0/16",
                "service_ipv6_cidr": ""
              }
            ],
            "name": "udacity-cluster",
            "outpost_config": [],
            "platform_version": "eks.11",
            "role_arn": "arn:aws:iam::238710184079:role/app-udacity-eks-cluster-role",
            "status": "ACTIVE",
            "tags": {},
            "tags_all": {
              "Name": "udacity",
              "Terraform": "true"
            },
            "timeouts": null,
            "version": "1.24",
            "vpc_config": [
              {
                "cluster_security_group_id": "sg-006d4a8207bc2c7cc",
                "endpoint_private_access": false,
                "endpoint_public_access": true,
                "public_access_cidrs": [
                  "0.0.0.0/0"
                ],
                "security_group_ids": [
                  "sg-011ddfdfaa29ea12a"
                ],
                "subnet_ids": [
                  "subnet-01f6585fce2199d7e",
                  "subnet-0d43e288a3bb7599c"
                ],
                "vpc_id": "vpc-01abbf27c7a0d93a1"
              }
            ]
          },
          "sensitive_attributes": [],
          "private": "eyJlMmJmYjczMC1lY2FhLTExZTYtOGY4OC0zNDM2M2JjN2M0YzAiOnsiY3JlYXRlIjoxODAwMDAwMDAwMDAwLCJkZWxldGUiOjkwMDAwMDAwMDAwMCwidXBkYXRlIjozNjAwMDAwMDAwMDAwfX0=",
          "dependencies": [
            "module.vpc.aws_vpc.this",
            "module.project_eks.aws_iam_role.eks_cluster_role",
            "module.project_eks.aws_security_group.eks-cluster",
            "module.vpc.aws_route_table.public",
            "module.vpc.aws_route_table_association.public",
            "module.vpc.aws_subnet.private",
            "module.vpc.aws_eip.nat",
            "module.vpc.aws_route.private_nat_gateway",
            "module.vpc.aws_route.public_internet_gateway",
            "module.project_eks.data.aws_iam_policy_document.eks_assume_role_policy",
            "module.vpc.aws_internet_gateway.this",
            "module.vpc.aws_nat_gateway.this",
            "module.vpc.aws_route_table.private",
            "module.vpc.aws_subnet.public",
            "module.project_eks.aws_iam_role_policy_attachment.cluster_AmazonEKSClusterPolicy",
            "module.project_eks.aws_iam_role_policy_attachment.cluster_AmazonEKSServicePolicy",
            "module.vpc.aws_route_table_association.private"
          ]
        }
      ]
    },
    {
      "module": "module.project_eks",
      "mode": "managed",
      "type": "aws_eks_node_group",
      "name": "node",
      "provider": "provider[\"registry.terraform.io/hashicorp/aws\"]",
      "instances": [
        {
          "schema_version": 0,
          "attributes": {
            "ami_type": "AL2_x86_64",
            "arn": "arn:aws:eks:us-east-2:238710184079:nodegroup/udacity-cluster/app-udacity-node-group/a2c5ab11-33a8-c44f-d601-19c54ae43af4",
            "capacity_type": "ON_DEMAND",
            "cluster_name": "udacity-cluster",
            "disk_size": 20,
            "force_update_version": null,
            "id": "udacity-cluster:app-udacity-node-group",
            "instance_types": [
              "t3.medium"
            ],
            "labels": {},
            "launch_template": [],
            "node_group_name": "app-udacity-node-group",
            "node_group_name_prefix": "",
            "node_role_arn": "arn:aws:iam::238710184079:role/app-udacity-eks-node-role",
            "release_version": "1.24.17-20231002",
            "remote_access": [],
            "resources": [
              {
                "autoscaling_groups": [
                  {
                    "name": "eks-app-udacity-node-group-a2c5ab11-33a8-c44f-d601-19c54ae43af4"
                  }
                ],
                "remote_access_security_group_id": ""
              }
            ],
            "scaling_config": [
              {
                "desired_size": 1,
                "max_size": 2,
                "min_size": 1
              }
            ],
            "status": "ACTIVE",
            "subnet_ids": [
              "subnet-01f6585fce2199d7e",
              "subnet-0d43e288a3bb7599c"
            ],
            "tags": {
              "Name": "eks-udacity-nodes"
            },
            "tags_all": {
              "Name": "eks-udacity-nodes",
              "Terraform": "true"
            },
            "taint": [],
            "timeouts": null,
            "update_config": [
              {
                "max_unavailable": 1,
                "max_unavailable_percentage": 0
              }
            ],
            "version": "1.24"
          },
          "sensitive_attributes": [],
          "private": "eyJlMmJmYjczMC1lY2FhLTExZTYtOGY4OC0zNDM2M2JjN2M0YzAiOnsiY3JlYXRlIjozNjAwMDAwMDAwMDAwLCJkZWxldGUiOjM2MDAwMDAwMDAwMDAsInVwZGF0ZSI6MzYwMDAwMDAwMDAwMH19",
          "dependencies": [
            "module.vpc.aws_eip.nat",
            "module.project_eks.data.aws_iam_policy_document.eks_assume_role_policy",
            "module.vpc.aws_internet_gateway.this",
            "module.vpc.aws_route_table.public",
            "module.vpc.aws_route_table_association.public",
            "module.vpc.aws_subnet.private",
            "module.project_eks.aws_iam_policy.eks_node_instance_policy",
            "module.project_eks.aws_iam_role.eks_cluster_role",
            "module.project_eks.aws_iam_role.eks_node_cluster_role",
            "module.project_eks.aws_iam_role_policy_attachment.cluster_AmazonEKSServicePolicy",
            "module.project_eks.aws_iam_role_policy_attachment.node_AmazonEKSWorkerNodePolicy",
            "module.project_eks.aws_security_group.eks-cluster",
            "module.vpc.aws_route.private_nat_gateway",
            "module.vpc.aws_route.public_internet_gateway",
            "module.project_eks.aws_eks_cluster.cluster",
            "module.vpc.aws_vpc.this",
            "module.vpc.aws_subnet.public",
            "module.project_eks.aws_iam_role_policy_attachment.node_AmazonEC2ContainerRegistryReadOnly",
            "module.project_eks.aws_iam_role_policy_attachment.node_AmazonEKS_CNI_Policy",
            "module.project_eks.aws_iam_role_policy_attachment.node_harmony_policy_attachment",
            "module.project_eks.data.aws_iam_policy_document.eks_node_assume_role_policy",
            "module.vpc.aws_nat_gateway.this",
            "module.vpc.aws_route_table.private",
            "module.vpc.aws_route_table_association.private",
            "module.project_eks.aws_iam_role_policy_attachment.cluster_AmazonEKSClusterPolicy"
          ]
        }
      ]
    },
    {
      "module": "module.project_eks",
      "mode": "managed",
      "type": "aws_iam_policy",
      "name": "eks_cluster_role_cloudwatch_policy",
      "provider": "provider[\"registry.terraform.io/hashicorp/aws\"]",
      "instances": [
        {
          "schema_version": 0,
          "attributes": {
            "arn": "arn:aws:iam::238710184079:policy/app-udacity-eks-cluster-role-cloudwatch-policy",
            "description": "Policy allowing cloudwatch access to udacity resources.",
            "id": "arn:aws:iam::238710184079:policy/app-udacity-eks-cluster-role-cloudwatch-policy",
            "name": "app-udacity-eks-cluster-role-cloudwatch-policy",
            "name_prefix": "",
            "path": "/",
            "policy": "{\"Statement\":[{\"Action\":[\"cloudwatch:*\",\"logs:DescribeLogGroups\",\"logs:DescribeLogStreams\",\"logs:CreateLogGroup\",\"logs:CreateLogStream\",\"logs:PutLogEvents\"],\"Effect\":\"Allow\",\"Resource\":\"*\"}],\"Version\":\"2012-10-17\"}",
            "policy_id": "ANPATPFB4LCHXG33GHZN2",
            "tags": {},
            "tags_all": {
              "Name": "udacity",
              "Terraform": "true"
            }
          },
          "sensitive_attributes": [],
          "private": "bnVsbA==",
          "dependencies": [
            "module.vpc.aws_route.private_nat_gateway",
            "module.vpc.aws_route_table.public",
            "module.vpc.aws_route_table_association.public",
            "module.vpc.aws_subnet.private",
            "module.vpc.aws_subnet.public",
            "module.vpc.aws_eip.nat",
            "module.vpc.aws_internet_gateway.this",
            "module.vpc.aws_nat_gateway.this",
            "module.vpc.aws_vpc.this",
            "module.vpc.aws_route.public_internet_gateway",
            "module.vpc.aws_route_table.private",
            "module.vpc.aws_route_table_association.private"
          ]
        }
      ]
    },
    {
      "module": "module.project_eks",
      "mode": "managed",
      "type": "aws_iam_policy",
      "name": "eks_node_instance_policy",
      "provider": "provider[\"registry.terraform.io/hashicorp/aws\"]",
      "instances": [
        {
          "schema_version": 0,
          "attributes": {
            "arn": "arn:aws:iam::238710184079:policy/app-udacity-instance-policy",
            "description": "Policy allowing access to udacity resources.",
            "id": "arn:aws:iam::238710184079:policy/app-udacity-instance-policy",
            "name": "app-udacity-instance-policy",
            "name_prefix": "",
            "path": "/",
            "policy": "{\"Statement\":[{\"Action\":\"s3:*\",\"Effect\":\"Allow\",\"Resource\":[\"arn:aws:s3:::*\",\"arn:aws:s3:::*/*\",\"arn:aws:s3:*:*:job/*\"]},{\"Action\":[\"logs:CreateLogGroup\",\"logs:CreateLogStream\",\"logs:PutLogEvents\"],\"Effect\":\"Allow\",\"Resource\":[\"arn:aws:logs:*:*:log-group:*\",\"arn:aws:logs:*:*:log-group:*:*:*\"]},{\"Action\":[\"ecr:BatchCheckLayerAvailability\",\"ecr:BatchGetImage\",\"ecr:DescribeImages\",\"ecr:DescribeRepositories\",\"ecr:GetAuthorizationToken\",\"ecr:GetDownloadUrlForLayer\",\"ecr:GetRepositoryPolicy\",\"ecr:ListImages\"],\"Effect\":\"Allow\",\"Resource\":\"*\"},{\"Action\":[\"sqs:ReceiveMessage\",\"sqs:SendMessage\",\"sqs:SendMessageBatch\",\"sqs:DeleteMessage\",\"sqs:DeleteMessageBatch\",\"sqs:ChangeMessageVisibility\",\"sqs:ChangeMessageVisibilityBatch\"],\"Effect\":\"Allow\",\"Resource\":[\"*\"]},{\"Action\":\"eks:DescribeCluster\",\"Effect\":\"Allow\",\"Resource\":\"*\"}],\"Version\":\"2012-10-17\"}",
            "policy_id": "ANPATPFB4LCHQOC44ZBMI",
            "tags": {},
            "tags_all": {
              "Name": "udacity",
              "Terraform": "true"
            }
          },
          "sensitive_attributes": [],
          "private": "bnVsbA==",
          "dependencies": [
            "module.vpc.aws_route_table.private",
            "module.vpc.aws_subnet.private",
            "module.vpc.aws_vpc.this",
            "module.vpc.aws_internet_gateway.this",
            "module.vpc.aws_nat_gateway.this",
            "module.vpc.aws_route.private_nat_gateway",
            "module.vpc.aws_route.public_internet_gateway",
            "module.vpc.aws_route_table.public",
            "module.vpc.aws_route_table_association.private",
            "module.vpc.aws_route_table_association.public",
            "module.vpc.aws_subnet.public",
            "module.vpc.aws_eip.nat"
          ]
        }
      ]
    },
    {
      "module": "module.project_eks",
      "mode": "managed",
      "type": "aws_iam_role",
      "name": "eks_cluster_role",
      "provider": "provider[\"registry.terraform.io/hashicorp/aws\"]",
      "instances": [
        {
          "schema_version": 0,
          "attributes": {
            "arn": "arn:aws:iam::238710184079:role/app-udacity-eks-cluster-role",
            "assume_role_policy": "{\"Statement\":[{\"Action\":\"sts:AssumeRole\",\"Effect\":\"Allow\",\"Principal\":{\"Service\":\"eks.amazonaws.com\"}}],\"Version\":\"2012-10-17\"}",
            "create_date": "2023-10-22T06:37:44Z",
            "description": "",
            "force_detach_policies": false,
            "id": "app-udacity-eks-cluster-role",
            "inline_policy": [],
            "managed_policy_arns": [
              "arn:aws:iam::aws:policy/AmazonEKSClusterPolicy",
              "arn:aws:iam::aws:policy/AmazonEKSServicePolicy"
            ],
            "max_session_duration": 3600,
            "name": "app-udacity-eks-cluster-role",
            "name_prefix": "",
            "path": "/",
            "permissions_boundary": null,
            "tags": {},
            "tags_all": {
              "Name": "udacity",
              "Terraform": "true"
            },
            "unique_id": "AROATPFB4LCH5VYLM4K2N"
          },
          "sensitive_attributes": [],
          "private": "bnVsbA==",
          "dependencies": [
            "module.vpc.aws_eip.nat",
            "module.vpc.aws_internet_gateway.this",
            "module.vpc.aws_route.public_internet_gateway",
            "module.vpc.aws_route_table.private",
            "module.vpc.aws_route_table.public",
            "module.vpc.aws_route_table_association.private",
            "module.vpc.aws_route_table_association.public",
            "module.project_eks.data.aws_iam_policy_document.eks_assume_role_policy",
            "module.vpc.aws_vpc.this",
            "module.vpc.aws_route.private_nat_gateway",
            "module.vpc.aws_subnet.private",
            "module.vpc.aws_subnet.public",
            "module.vpc.aws_nat_gateway.this"
          ]
        }
      ]
    },
    {
      "module": "module.project_eks",
      "mode": "managed",
      "type": "aws_iam_role",
      "name": "eks_node_cluster_role",
      "provider": "provider[\"registry.terraform.io/hashicorp/aws\"]",
      "instances": [
        {
          "schema_version": 0,
          "attributes": {
            "arn": "arn:aws:iam::238710184079:role/app-udacity-eks-node-role",
            "assume_role_policy": "{\"Statement\":[{\"Action\":\"sts:AssumeRole\",\"Effect\":\"Allow\",\"Principal\":{\"Service\":\"ec2.amazonaws.com\"}}],\"Version\":\"2012-10-17\"}",
            "create_date": "2023-10-22T06:37:44Z",
            "description": "",
            "force_detach_policies": false,
            "id": "app-udacity-eks-node-role",
            "inline_policy": [],
            "managed_policy_arns": [
              "arn:aws:iam::238710184079:policy/app-udacity-eks-cluster-role-cloudwatch-policy",
              "arn:aws:iam::238710184079:policy/app-udacity-instance-policy",
              "arn:aws:iam::aws:policy/AmazonEC2ContainerRegistryReadOnly",
              "arn:aws:iam::aws:policy/AmazonEKSWorkerNodePolicy",
              "arn:aws:iam::aws:policy/AmazonEKS_CNI_Policy",
              "arn:aws:iam::aws:policy/CloudWatchAgentServerPolicy"
            ],
            "max_session_duration": 3600,
            "name": "app-udacity-eks-node-role",
            "name_prefix": "",
            "path": "/",
            "permissions_boundary": null,
            "tags": {},
            "tags_all": {
              "Name": "udacity",
              "Terraform": "true"
            },
            "unique_id": "AROATPFB4LCHVGMTTEIUA"
          },
          "sensitive_attributes": [],
          "private": "bnVsbA==",
          "dependencies": [
            "module.vpc.aws_route_table.private",
            "module.vpc.aws_route_table.public",
            "module.vpc.aws_route_table_association.private",
            "module.vpc.aws_route_table_association.public",
            "module.vpc.aws_subnet.public",
            "module.project_eks.data.aws_iam_policy_document.eks_node_assume_role_policy",
            "module.vpc.aws_route.private_nat_gateway",
            "module.vpc.aws_nat_gateway.this",
            "module.vpc.aws_route.public_internet_gateway",
            "module.vpc.aws_subnet.private",
            "module.vpc.aws_vpc.this",
            "module.vpc.aws_eip.nat",
            "module.vpc.aws_internet_gateway.this"
          ]
        }
      ]
    },
    {
      "module": "module.project_eks",
      "mode": "managed",
      "type": "aws_iam_role_policy_attachment",
      "name": "cluster_AmazonEKSCloudwatchPolicy",
      "provider": "provider[\"registry.terraform.io/hashicorp/aws\"]",
      "instances": [
        {
          "schema_version": 0,
          "attributes": {
            "id": "app-udacity-eks-node-role-20231022063745179700000009",
            "policy_arn": "arn:aws:iam::238710184079:policy/app-udacity-eks-cluster-role-cloudwatch-policy",
            "role": "app-udacity-eks-node-role"
          },
          "sensitive_attributes": [],
          "private": "bnVsbA==",
          "dependencies": [
            "module.project_eks.aws_iam_role.eks_node_cluster_role",
            "module.vpc.aws_eip.nat",
            "module.vpc.aws_route.public_internet_gateway",
            "module.vpc.aws_vpc.this",
            "module.vpc.aws_subnet.public",
            "module.project_eks.data.aws_iam_policy_document.eks_node_assume_role_policy",
            "module.vpc.aws_internet_gateway.this",
            "module.vpc.aws_nat_gateway.this",
            "module.vpc.aws_route_table_association.private",
            "module.vpc.aws_route_table_association.public",
            "module.project_eks.aws_iam_policy.eks_cluster_role_cloudwatch_policy",
            "module.vpc.aws_route_table.public",
            "module.vpc.aws_route.private_nat_gateway",
            "module.vpc.aws_route_table.private",
            "module.vpc.aws_subnet.private"
          ]
        }
      ]
    },
    {
      "module": "module.project_eks",
      "mode": "managed",
      "type": "aws_iam_role_policy_attachment",
      "name": "cluster_AmazonEKSClusterPolicy",
      "provider": "provider[\"registry.terraform.io/hashicorp/aws\"]",
      "instances": [
        {
          "schema_version": 0,
          "attributes": {
            "id": "app-udacity-eks-cluster-role-2023102206374567540000000e",
            "policy_arn": "arn:aws:iam::aws:policy/AmazonEKSClusterPolicy",
            "role": "app-udacity-eks-cluster-role"
          },
          "sensitive_attributes": [],
          "private": "bnVsbA==",
          "dependencies": [
            "module.vpc.aws_route_table_association.private",
            "module.vpc.aws_vpc.this",
            "module.project_eks.data.aws_iam_policy_document.eks_assume_role_policy",
            "module.vpc.aws_internet_gateway.this",
            "module.vpc.aws_route_table_association.public",
            "module.vpc.aws_subnet.private",
            "module.vpc.aws_subnet.public",
            "module.vpc.aws_eip.nat",
            "module.vpc.aws_route.private_nat_gateway",
            "module.vpc.aws_route.public_internet_gateway",
            "module.vpc.aws_route_table.private",
            "module.project_eks.aws_iam_role.eks_cluster_role",
            "module.vpc.aws_nat_gateway.this",
            "module.vpc.aws_route_table.public"
          ]
        }
      ]
    },
    {
      "module": "module.project_eks",
      "mode": "managed",
      "type": "aws_iam_role_policy_attachment",
      "name": "cluster_AmazonEKSServicePolicy",
      "provider": "provider[\"registry.terraform.io/hashicorp/aws\"]",
      "instances": [
        {
          "schema_version": 0,
          "attributes": {
            "id": "app-udacity-eks-cluster-role-2023102206374543880000000d",
            "policy_arn": "arn:aws:iam::aws:policy/AmazonEKSServicePolicy",
            "role": "app-udacity-eks-cluster-role"
          },
          "sensitive_attributes": [],
          "private": "bnVsbA==",
          "dependencies": [
            "module.vpc.aws_eip.nat",
            "module.vpc.aws_internet_gateway.this",
            "module.vpc.aws_nat_gateway.this",
            "module.vpc.aws_subnet.private",
            "module.vpc.aws_subnet.public",
            "module.vpc.aws_vpc.this",
            "module.project_eks.aws_iam_role.eks_cluster_role",
            "module.vpc.aws_route_table_association.private",
            "module.vpc.aws_route_table_association.public",
            "module.project_eks.data.aws_iam_policy_document.eks_assume_role_policy",
            "module.vpc.aws_route.private_nat_gateway",
            "module.vpc.aws_route.public_internet_gateway",
            "module.vpc.aws_route_table.private",
            "module.vpc.aws_route_table.public"
          ]
        }
      ]
    },
    {
      "module": "module.project_eks",
      "mode": "managed",
      "type": "aws_iam_role_policy_attachment",
      "name": "node_AmazonEC2ContainerRegistryReadOnly",
      "provider": "provider[\"registry.terraform.io/hashicorp/aws\"]",
      "instances": [
        {
          "schema_version": 0,
          "attributes": {
            "id": "app-udacity-eks-node-role-20231022063745178000000008",
            "policy_arn": "arn:aws:iam::aws:policy/AmazonEC2ContainerRegistryReadOnly",
            "role": "app-udacity-eks-node-role"
          },
          "sensitive_attributes": [],
          "private": "bnVsbA==",
          "dependencies": [
            "module.vpc.aws_route_table.private",
            "module.vpc.aws_subnet.private",
            "module.project_eks.data.aws_iam_policy_document.eks_node_assume_role_policy",
            "module.vpc.aws_eip.nat",
            "module.vpc.aws_route.private_nat_gateway",
            "module.vpc.aws_route_table_association.private",
            "module.vpc.aws_subnet.public",
            "module.project_eks.aws_iam_role.eks_node_cluster_role",
            "module.vpc.aws_internet_gateway.this",
            "module.vpc.aws_route.public_internet_gateway",
            "module.vpc.aws_route_table.public",
            "module.vpc.aws_route_table_association.public",
            "module.vpc.aws_nat_gateway.this",
            "module.vpc.aws_vpc.this"
          ]
        }
      ]
    },
    {
      "module": "module.project_eks",
      "mode": "managed",
      "type": "aws_iam_role_policy_attachment",
      "name": "node_AmazonEKSWorkerNodePolicy",
      "provider": "provider[\"registry.terraform.io/hashicorp/aws\"]",
      "instances": [
        {
          "schema_version": 0,
          "attributes": {
            "id": "app-udacity-eks-node-role-2023102206374539490000000c",
            "policy_arn": "arn:aws:iam::aws:policy/AmazonEKSWorkerNodePolicy",
            "role": "app-udacity-eks-node-role"
          },
          "sensitive_attributes": [],
          "private": "bnVsbA==",
          "dependencies": [
            "module.project_eks.data.aws_iam_policy_document.eks_node_assume_role_policy",
            "module.vpc.aws_subnet.private",
            "module.vpc.aws_vpc.this",
            "module.vpc.aws_route.private_nat_gateway",
            "module.vpc.aws_route.public_internet_gateway",
            "module.vpc.aws_route_table.private",
            "module.vpc.aws_route_table_association.public",
            "module.vpc.aws_subnet.public",
            "module.vpc.aws_internet_gateway.this",
            "module.vpc.aws_nat_gateway.this",
            "module.vpc.aws_route_table_association.private",
            "module.project_eks.aws_iam_role.eks_node_cluster_role",
            "module.vpc.aws_eip.nat",
            "module.vpc.aws_route_table.public"
          ]
        }
      ]
    },
    {
      "module": "module.project_eks",
      "mode": "managed",
      "type": "aws_iam_role_policy_attachment",
      "name": "node_AmazonEKS_CNI_Policy",
      "provider": "provider[\"registry.terraform.io/hashicorp/aws\"]",
      "instances": [
        {
          "schema_version": 0,
          "attributes": {
            "id": "app-udacity-eks-node-role-2023102206374521030000000a",
            "policy_arn": "arn:aws:iam::aws:policy/AmazonEKS_CNI_Policy",
            "role": "app-udacity-eks-node-role"
          },
          "sensitive_attributes": [],
          "private": "bnVsbA==",
          "dependencies": [
            "module.vpc.aws_eip.nat",
            "module.vpc.aws_internet_gateway.this",
            "module.vpc.aws_route.private_nat_gateway",
            "module.vpc.aws_route_table.private",
            "module.vpc.aws_route_table_association.private",
            "module.vpc.aws_subnet.public",
            "module.vpc.aws_vpc.this",
            "module.project_eks.data.aws_iam_policy_document.eks_node_assume_role_policy",
            "module.vpc.aws_route.public_internet_gateway",
            "module.vpc.aws_route_table.public",
            "module.project_eks.aws_iam_role.eks_node_cluster_role",
            "module.vpc.aws_nat_gateway.this",
            "module.vpc.aws_route_table_association.public",
            "module.vpc.aws_subnet.private"
          ]
        }
      ]
    },
    {
      "module": "module.project_eks",
      "mode": "managed",
      "type": "aws_iam_role_policy_attachment",
      "name": "node_CloudWatchAgentServerPolicy",
      "provider": "provider[\"registry.terraform.io/hashicorp/aws\"]",
      "instances": [
        {
          "schema_version": 0,
          "attributes": {
            "id": "app-udacity-eks-node-role-20231022063745175900000007",
            "policy_arn": "arn:aws:iam::aws:policy/CloudWatchAgentServerPolicy",
            "role": "app-udacity-eks-node-role"
          },
          "sensitive_attributes": [],
          "private": "bnVsbA==",
          "dependencies": [
            "module.vpc.aws_eip.nat",
            "module.vpc.aws_nat_gateway.this",
            "module.vpc.aws_route_table_association.private",
            "module.project_eks.data.aws_iam_policy_document.eks_node_assume_role_policy",
            "module.vpc.aws_route_table.private",
            "module.vpc.aws_route_table.public",
            "module.vpc.aws_route_table_association.public",
            "module.vpc.aws_subnet.private",
            "module.vpc.aws_route.private_nat_gateway",
            "module.vpc.aws_vpc.this",
            "module.project_eks.aws_iam_role.eks_node_cluster_role",
            "module.vpc.aws_internet_gateway.this",
            "module.vpc.aws_route.public_internet_gateway",
            "module.vpc.aws_subnet.public"
          ]
        }
      ]
    },
    {
      "module": "module.project_eks",
      "mode": "managed",
      "type": "aws_iam_role_policy_attachment",
      "name": "node_harmony_policy_attachment",
      "provider": "provider[\"registry.terraform.io/hashicorp/aws\"]",
      "instances": [
        {
          "schema_version": 0,
          "attributes": {
            "id": "app-udacity-eks-node-role-2023102206374536720000000b",
            "policy_arn": "arn:aws:iam::238710184079:policy/app-udacity-instance-policy",
            "role": "app-udacity-eks-node-role"
          },
          "sensitive_attributes": [],
          "private": "bnVsbA==",
          "dependencies": [
            "module.project_eks.aws_iam_policy.eks_node_instance_policy",
            "module.project_eks.aws_iam_role.eks_node_cluster_role",
            "module.vpc.aws_route.private_nat_gateway",
            "module.vpc.aws_route.public_internet_gateway",
            "module.vpc.aws_route_table.private",
            "module.vpc.aws_route_table_association.private",
            "module.vpc.aws_route_table_association.public",
            "module.vpc.aws_vpc.this",
            "module.project_eks.data.aws_iam_policy_document.eks_node_assume_role_policy",
            "module.vpc.aws_internet_gateway.this",
            "module.vpc.aws_subnet.private",
            "module.vpc.aws_subnet.public",
            "module.vpc.aws_eip.nat",
            "module.vpc.aws_nat_gateway.this",
            "module.vpc.aws_route_table.public"
          ]
        }
      ]
    },
    {
      "module": "module.project_eks",
      "mode": "managed",
      "type": "aws_security_group",
      "name": "eks-cluster",
      "provider": "provider[\"registry.terraform.io/hashicorp/aws\"]",
      "instances": [
        {
          "schema_version": 1,
          "attributes": {
            "arn": "arn:aws:ec2:us-east-2:238710184079:security-group/sg-011ddfdfaa29ea12a",
            "description": "Managed by Terraform",
            "egress": [
              {
                "cidr_blocks": [
                  "0.0.0.0/0"
                ],
                "description": "",
                "from_port": 0,
                "ipv6_cidr_blocks": [],
                "prefix_list_ids": [],
                "protocol": "-1",
                "security_groups": [],
                "self": false,
                "to_port": 0
              }
            ],
            "id": "sg-011ddfdfaa29ea12a",
            "ingress": [
              {
                "cidr_blocks": [
                  "0.0.0.0/0"
                ],
                "description": "",
                "from_port": 0,
                "ipv6_cidr_blocks": [],
                "prefix_list_ids": [],
                "protocol": "-1",
                "security_groups": [],
                "self": false,
                "to_port": 0
              }
            ],
            "name": "SG-eks-cluster",
            "name_prefix": "",
            "owner_id": "238710184079",
            "revoke_rules_on_delete": false,
            "tags": {},
            "tags_all": {
              "Name": "udacity",
              "Terraform": "true"
            },
            "timeouts": null,
            "vpc_id": "vpc-01abbf27c7a0d93a1"
          },
          "sensitive_attributes": [],
          "private": "eyJlMmJmYjczMC1lY2FhLTExZTYtOGY4OC0zNDM2M2JjN2M0YzAiOnsiY3JlYXRlIjo2MDAwMDAwMDAwMDAsImRlbGV0ZSI6OTAwMDAwMDAwMDAwfSwic2NoZW1hX3ZlcnNpb24iOiIxIn0=",
          "dependencies": [
            "module.vpc.aws_eip.nat",
            "module.vpc.aws_internet_gateway.this",
            "module.vpc.aws_nat_gateway.this",
            "module.vpc.aws_route.private_nat_gateway",
            "module.vpc.aws_route_table_association.private",
            "module.vpc.aws_route_table_association.public",
            "module.vpc.aws_route.public_internet_gateway",
            "module.vpc.aws_route_table.private",
            "module.vpc.aws_route_table.public",
            "module.vpc.aws_subnet.private",
            "module.vpc.aws_subnet.public",
            "module.vpc.aws_vpc.this"
          ]
        }
      ]
    },
    {
      "module": "module.project_rds_p",
      "mode": "managed",
      "type": "aws_db_subnet_group",
      "name": "udacity_db_subnet_group",
      "provider": "provider[\"registry.terraform.io/hashicorp/aws\"]",
      "instances": [
        {
          "schema_version": 0,
          "attributes": {
            "arn": "arn:aws:rds:us-east-2:238710184079:subgrp:udacity_db_subnet_group",
            "description": "Managed by Terraform",
            "id": "udacity_db_subnet_group",
            "name": "udacity_db_subnet_group",
            "name_prefix": "",
            "subnet_ids": [
              "subnet-01f6585fce2199d7e",
              "subnet-0d43e288a3bb7599c"
            ],
            "supported_network_types": [
              "IPV4"
            ],
            "tags": {},
            "tags_all": {
              "Name": "udacity",
              "Terraform": "true"
            },
            "vpc_id": "vpc-01abbf27c7a0d93a1"
          },
          "sensitive_attributes": [],
          "private": "bnVsbA==",
          "dependencies": [
            "module.vpc.aws_subnet.private",
            "module.vpc.aws_vpc.this"
          ]
        }
      ]
    },
    {
      "module": "module.project_rds_p",
      "mode": "managed",
      "type": "aws_rds_cluster",
      "name": "udacity_cluster",
      "provider": "provider[\"registry.terraform.io/hashicorp/aws\"]",
      "instances": [
        {
          "schema_version": 0,
          "attributes": {
            "allocated_storage": 1,
            "allow_major_version_upgrade": null,
            "apply_immediately": null,
            "arn": "arn:aws:rds:us-east-2:238710184079:cluster:udacity-db-cluster",
            "availability_zones": [
              "us-east-2a",
              "us-east-2b",
              "us-east-2c"
            ],
            "backtrack_window": 0,
            "backup_retention_period": 5,
            "cluster_identifier": "udacity-db-cluster",
            "cluster_identifier_prefix": null,
            "cluster_members": [
              "udacity-db-instance-0",
              "udacity-db-instance-1"
            ],
            "cluster_resource_id": "cluster-62XMR2ENFOBEZGNUXZ4HY7Z33E",
            "copy_tags_to_snapshot": false,
            "database_name": "udacityc2",
            "db_cluster_instance_class": "",
            "db_cluster_parameter_group_name": "udacity-pg-p",
            "db_instance_parameter_group_name": null,
            "db_subnet_group_name": "udacity_db_subnet_group",
            "db_system_id": "",
            "deletion_protection": false,
            "enable_global_write_forwarding": false,
            "enable_http_endpoint": false,
            "enabled_cloudwatch_logs_exports": [],
            "endpoint": "udacity-db-cluster.cluster-c9xzsgisneiz.us-east-2.rds.amazonaws.com",
            "engine": "aurora-mysql",
            "engine_mode": "provisioned",
            "engine_version": "5.7.mysql_aurora.2.07.9",
            "engine_version_actual": "5.7.mysql_aurora.2.07.9",
            "final_snapshot_identifier": null,
            "global_cluster_identifier": "",
            "hosted_zone_id": "Z2XHWR1WZ565X2",
            "iam_database_authentication_enabled": false,
            "iam_roles": [],
            "id": "udacity-db-cluster",
            "iops": 0,
            "kms_key_id": "",
            "manage_master_user_password": null,
            "master_password": "MyUdacityPassword",
            "master_user_secret": [],
            "master_user_secret_kms_key_id": null,
            "master_username": "udacity",
            "network_type": "IPV4",
            "port": 3306,
            "preferred_backup_window": "06:10-06:40",
            "preferred_maintenance_window": "sat:05:24-sat:05:54",
            "reader_endpoint": "udacity-db-cluster.cluster-ro-c9xzsgisneiz.us-east-2.rds.amazonaws.com",
            "replication_source_identifier": "",
            "restore_to_point_in_time": [],
            "s3_import": [],
            "scaling_configuration": [],
            "serverlessv2_scaling_configuration": [],
            "skip_final_snapshot": true,
            "snapshot_identifier": null,
            "source_region": null,
            "storage_encrypted": false,
            "storage_type": "",
            "tags": {},
            "tags_all": {
              "Name": "udacity",
              "Terraform": "true"
            },
            "timeouts": null,
            "vpc_security_group_ids": [
              "sg-08e4d0b7e4565e12c"
            ]
          },
          "sensitive_attributes": [],
          "private": "eyJlMmJmYjczMC1lY2FhLTExZTYtOGY4OC0zNDM2M2JjN2M0YzAiOnsiY3JlYXRlIjo3MjAwMDAwMDAwMDAwLCJkZWxldGUiOjcyMDAwMDAwMDAwMDAsInVwZGF0ZSI6NzIwMDAwMDAwMDAwMH19",
          "dependencies": [
            "module.project_rds_p.aws_security_group.db_sg_1",
            "module.vpc.aws_subnet.private",
            "module.vpc.aws_vpc.this",
            "module.project_rds_p.aws_db_subnet_group.udacity_db_subnet_group",
            "module.project_rds_p.aws_rds_cluster_parameter_group.cluster_pg"
          ]
        }
      ]
    },
    {
      "module": "module.project_rds_p",
      "mode": "managed",
      "type": "aws_rds_cluster_instance",
      "name": "udacity_instance",
      "provider": "provider[\"registry.terraform.io/hashicorp/aws\"]",
      "instances": [
        {
          "index_key": 1,
          "schema_version": 0,
          "attributes": {
            "apply_immediately": null,
            "arn": "arn:aws:rds:us-east-2:238710184079:db:udacity-db-instance-1",
            "auto_minor_version_upgrade": true,
            "availability_zone": "us-east-2a",
            "ca_cert_identifier": "rds-ca-2019",
            "cluster_identifier": "udacity-db-cluster",
            "copy_tags_to_snapshot": false,
            "custom_iam_instance_profile": "",
            "db_parameter_group_name": "default.aurora-mysql5.7",
            "db_subnet_group_name": "udacity_db_subnet_group",
            "dbi_resource_id": "db-UC4JSWDBIYPZOKJ3DKJ4CFX3G4",
            "endpoint": "udacity-db-instance-1.c9xzsgisneiz.us-east-2.rds.amazonaws.com",
            "engine": "aurora-mysql",
            "engine_version": "5.7.mysql_aurora.2.07.9",
            "engine_version_actual": "5.7.mysql_aurora.2.07.9",
            "id": "udacity-db-instance-1",
            "identifier": "udacity-db-instance-1",
            "identifier_prefix": null,
            "instance_class": "db.t2.small",
            "kms_key_id": "",
            "monitoring_interval": 0,
            "monitoring_role_arn": "",
            "network_type": "IPV4",
            "performance_insights_enabled": false,
            "performance_insights_kms_key_id": "",
            "performance_insights_retention_period": 0,
            "port": 3306,
            "preferred_backup_window": "06:10-06:40",
            "preferred_maintenance_window": "thu:04:38-thu:05:08",
            "promotion_tier": 0,
            "publicly_accessible": false,
            "storage_encrypted": false,
            "tags": {},
            "tags_all": {
              "Name": "udacity",
              "Terraform": "true"
            },
            "timeouts": null,
            "writer": true
          },
          "sensitive_attributes": [],
          "private": "eyJlMmJmYjczMC1lY2FhLTExZTYtOGY4OC0zNDM2M2JjN2M0YzAiOnsiY3JlYXRlIjo1NDAwMDAwMDAwMDAwLCJkZWxldGUiOjU0MDAwMDAwMDAwMDAsInVwZGF0ZSI6NTQwMDAwMDAwMDAwMH19",
          "dependencies": [
            "module.project_rds_p.aws_db_subnet_group.udacity_db_subnet_group",
            "module.project_rds_p.aws_rds_cluster.udacity_cluster",
            "module.project_rds_p.aws_rds_cluster_parameter_group.cluster_pg",
            "module.project_rds_p.aws_security_group.db_sg_1",
            "module.vpc.aws_subnet.private",
            "module.vpc.aws_vpc.this"
          ]
        }
      ]
    },
    {
      "module": "module.project_rds_p",
      "mode": "managed",
      "type": "aws_rds_cluster_parameter_group",
      "name": "cluster_pg",
      "provider": "provider[\"registry.terraform.io/hashicorp/aws\"]",
      "instances": [
        {
          "schema_version": 0,
          "attributes": {
            "arn": "arn:aws:rds:us-east-2:238710184079:cluster-pg:udacity-pg-p",
            "description": "Managed by Terraform",
            "family": "aurora-mysql5.7",
            "id": "udacity-pg-p",
            "name": "udacity-pg-p",
            "name_prefix": "",
            "parameter": [
              {
                "apply_method": "pending-reboot",
                "name": "binlog_format",
                "value": "MIXED"
              },
              {
                "apply_method": "pending-reboot",
                "name": "log_bin_trust_function_creators",
                "value": "1"
              }
            ],
            "tags": {},
            "tags_all": {
              "Name": "udacity",
              "Terraform": "true"
            }
          },
          "sensitive_attributes": [],
          "private": "bnVsbA=="
        }
      ]
    },
    {
      "module": "module.project_rds_p",
      "mode": "managed",
      "type": "aws_security_group",
      "name": "db_sg_1",
      "provider": "provider[\"registry.terraform.io/hashicorp/aws\"]",
      "instances": [
        {
          "schema_version": 1,
          "attributes": {
            "arn": "arn:aws:ec2:us-east-2:238710184079:security-group/sg-08e4d0b7e4565e12c",
            "description": "Managed by Terraform",
            "egress": [
              {
                "cidr_blocks": [
                  "0.0.0.0/0"
                ],
                "description": "",
                "from_port": 3306,
                "ipv6_cidr_blocks": [],
                "prefix_list_ids": [],
                "protocol": "tcp",
                "security_groups": [],
                "self": false,
                "to_port": 3306
              }
            ],
            "id": "sg-08e4d0b7e4565e12c",
            "ingress": [
              {
                "cidr_blocks": [
                  "0.0.0.0/0"
                ],
                "description": "",
                "from_port": 3306,
                "ipv6_cidr_blocks": [],
                "prefix_list_ids": [],
                "protocol": "tcp",
                "security_groups": [],
                "self": false,
                "to_port": 3306
              }
            ],
            "name": "udacity-db-sg",
            "name_prefix": "",
            "owner_id": "238710184079",
            "revoke_rules_on_delete": false,
            "tags": {},
            "tags_all": {
              "Name": "udacity",
              "Terraform": "true"
            },
            "timeouts": null,
            "vpc_id": "vpc-01abbf27c7a0d93a1"
          },
          "sensitive_attributes": [],
          "private": "eyJlMmJmYjczMC1lY2FhLTExZTYtOGY4OC0zNDM2M2JjN2M0YzAiOnsiY3JlYXRlIjo2MDAwMDAwMDAwMDAsImRlbGV0ZSI6OTAwMDAwMDAwMDAwfSwic2NoZW1hX3ZlcnNpb24iOiIxIn0=",
          "dependencies": [
            "module.vpc.aws_vpc.this"
          ]
        }
      ]
    },
    {
      "module": "module.project_rds_s",
      "mode": "managed",
      "type": "aws_db_subnet_group",
      "name": "udacity_db_subnet_group",
      "provider": "provider[\"registry.terraform.io/hashicorp/aws\"].usw1",
      "instances": [
        {
          "schema_version": 0,
          "attributes": {
            "arn": "arn:aws:rds:us-west-1:238710184079:subgrp:udacity_db_subnet_group",
            "description": "Managed by Terraform",
            "id": "udacity_db_subnet_group",
            "name": "udacity_db_subnet_group",
            "name_prefix": "",
            "subnet_ids": [
              "subnet-0289e7a70ac9d6b44",
              "subnet-075e310bd61161c51"
            ],
            "supported_network_types": [
              "IPV4"
            ],
            "tags": {},
            "tags_all": {},
            "vpc_id": "vpc-027539fbfbde77248"
          },
          "sensitive_attributes": [],
          "private": "bnVsbA==",
          "dependencies": [
            "module.vpc_west.aws_subnet.private",
            "module.vpc_west.aws_vpc.this"
          ]
        }
      ]
    },
    {
      "module": "module.project_rds_s",
      "mode": "managed",
      "type": "aws_rds_cluster",
      "name": "udacity_cluster-s",
      "provider": "provider[\"registry.terraform.io/hashicorp/aws\"].usw1",
      "instances": []
    },
    {
      "module": "module.project_rds_s",
      "mode": "managed",
      "type": "aws_rds_cluster_instance",
      "name": "udacity_instance-s",
      "provider": "provider[\"registry.terraform.io/hashicorp/aws\"].usw1",
      "instances": []
    },
    {
      "module": "module.project_rds_s",
      "mode": "managed",
      "type": "aws_rds_cluster_parameter_group",
      "name": "cluster_pg-s",
      "provider": "provider[\"registry.terraform.io/hashicorp/aws\"].usw1",
      "instances": [
        {
          "schema_version": 0,
          "attributes": {
            "arn": "arn:aws:rds:us-west-1:238710184079:cluster-pg:udacity-pg-s",
            "description": "Managed by Terraform",
            "family": "aurora-mysql5.7",
            "id": "udacity-pg-s",
            "name": "udacity-pg-s",
            "name_prefix": "",
            "parameter": [
              {
                "apply_method": "pending-reboot",
                "name": "binlog_format",
                "value": "MIXED"
              },
              {
                "apply_method": "pending-reboot",
                "name": "log_bin_trust_function_creators",
                "value": "1"
              }
            ],
            "tags": {},
            "tags_all": {}
          },
          "sensitive_attributes": [],
          "private": "bnVsbA=="
        }
      ]
    },
    {
      "module": "module.project_rds_s",
      "mode": "managed",
      "type": "aws_security_group",
      "name": "db_sg_2",
      "provider": "provider[\"registry.terraform.io/hashicorp/aws\"].usw1",
      "instances": [
        {
          "schema_version": 1,
          "attributes": {
            "arn": "arn:aws:ec2:us-west-1:238710184079:security-group/sg-0f4f775a9186c352b",
            "description": "Managed by Terraform",
            "egress": [
              {
                "cidr_blocks": [
                  "0.0.0.0/0"
                ],
                "description": "",
                "from_port": 3306,
                "ipv6_cidr_blocks": [],
                "prefix_list_ids": [],
                "protocol": "tcp",
                "security_groups": [],
                "self": false,
                "to_port": 3306
              }
            ],
            "id": "sg-0f4f775a9186c352b",
            "ingress": [
              {
                "cidr_blocks": [
                  "0.0.0.0/0"
                ],
                "description": "",
                "from_port": 3306,
                "ipv6_cidr_blocks": [],
                "prefix_list_ids": [],
                "protocol": "tcp",
                "security_groups": [],
                "self": false,
                "to_port": 3306
              }
            ],
            "name": "udacity-db-sg",
            "name_prefix": "",
            "owner_id": "238710184079",
            "revoke_rules_on_delete": false,
            "tags": {},
            "tags_all": {},
            "timeouts": null,
            "vpc_id": "vpc-027539fbfbde77248"
          },
          "sensitive_attributes": [],
          "private": "eyJlMmJmYjczMC1lY2FhLTExZTYtOGY4OC0zNDM2M2JjN2M0YzAiOnsiY3JlYXRlIjo2MDAwMDAwMDAwMDAsImRlbGV0ZSI6OTAwMDAwMDAwMDAwfSwic2NoZW1hX3ZlcnNpb24iOiIxIn0=",
          "dependencies": [
            "module.vpc_west.aws_vpc.this"
          ]
        }
      ]
    },
    {
      "module": "module.vpc",
      "mode": "managed",
      "type": "aws_eip",
      "name": "nat",
      "provider": "provider[\"registry.terraform.io/hashicorp/aws\"]",
      "instances": [
        {
          "index_key": 0,
          "schema_version": 0,
          "attributes": {
            "address": null,
            "allocation_id": "eipalloc-00e0f8ac14deb54a3",
            "associate_with_private_ip": null,
            "association_id": "eipassoc-095be3bc0d7d255d4",
            "carrier_ip": "",
            "customer_owned_ip": "",
            "customer_owned_ipv4_pool": "",
            "domain": "vpc",
            "id": "eipalloc-00e0f8ac14deb54a3",
            "instance": "",
            "network_border_group": "us-east-2",
            "network_interface": "eni-05499a006c3110386",
            "private_dns": "ip-10-100-10-73.us-east-2.compute.internal",
            "private_ip": "10.100.10.73",
            "public_dns": "ec2-18-221-119-7.us-east-2.compute.amazonaws.com",
            "public_ip": "18.221.119.7",
            "public_ipv4_pool": "amazon",
            "tags": {
              "Name": "udacity-project-us-east-2a"
            },
            "tags_all": {
              "Name": "udacity-project-us-east-2a",
              "Terraform": "true"
            },
            "timeouts": null,
            "vpc": true
          },
          "sensitive_attributes": [],
          "private": "eyJlMmJmYjczMC1lY2FhLTExZTYtOGY4OC0zNDM2M2JjN2M0YzAiOnsiZGVsZXRlIjoxODAwMDAwMDAwMDAsInJlYWQiOjkwMDAwMDAwMDAwMCwidXBkYXRlIjozMDAwMDAwMDAwMDB9fQ=="
        }
      ]
    },
    {
      "module": "module.vpc",
      "mode": "managed",
      "type": "aws_internet_gateway",
      "name": "this",
      "provider": "provider[\"registry.terraform.io/hashicorp/aws\"]",
      "instances": [
        {
          "index_key": 0,
          "schema_version": 0,
          "attributes": {
            "arn": "arn:aws:ec2:us-east-2:238710184079:internet-gateway/igw-0775df934a02e85af",
            "id": "igw-0775df934a02e85af",
            "owner_id": "238710184079",
            "tags": {
              "Name": "udacity-project"
            },
            "tags_all": {
              "Name": "udacity-project",
              "Terraform": "true"
            },
            "timeouts": null,
            "vpc_id": "vpc-01abbf27c7a0d93a1"
          },
          "sensitive_attributes": [],
          "private": "eyJlMmJmYjczMC1lY2FhLTExZTYtOGY4OC0zNDM2M2JjN2M0YzAiOnsiY3JlYXRlIjoxMjAwMDAwMDAwMDAwLCJkZWxldGUiOjEyMDAwMDAwMDAwMDAsInVwZGF0ZSI6MTIwMDAwMDAwMDAwMH19",
          "dependencies": [
            "module.vpc.aws_vpc.this"
          ]
        }
      ]
    },
    {
      "module": "module.vpc",
      "mode": "managed",
      "type": "aws_nat_gateway",
      "name": "this",
      "provider": "provider[\"registry.terraform.io/hashicorp/aws\"]",
      "instances": [
        {
          "index_key": 0,
          "schema_version": 0,
          "attributes": {
            "allocation_id": "eipalloc-00e0f8ac14deb54a3",
            "association_id": "eipassoc-095be3bc0d7d255d4",
            "connectivity_type": "public",
            "id": "nat-05cc2dd2a35f80da7",
            "network_interface_id": "eni-05499a006c3110386",
            "private_ip": "10.100.10.73",
            "public_ip": "18.221.119.7",
            "secondary_allocation_ids": [],
            "secondary_private_ip_address_count": 0,
            "secondary_private_ip_addresses": [],
            "subnet_id": "subnet-028b8ad02f25590c7",
            "tags": {
              "Name": "udacity-project-us-east-2a"
            },
            "tags_all": {
              "Name": "udacity-project-us-east-2a",
              "Terraform": "true"
            },
            "timeouts": null
          },
          "sensitive_attributes": [],
          "private": "eyJlMmJmYjczMC1lY2FhLTExZTYtOGY4OC0zNDM2M2JjN2M0YzAiOnsiY3JlYXRlIjo2MDAwMDAwMDAwMDAsImRlbGV0ZSI6MTgwMDAwMDAwMDAwMCwidXBkYXRlIjo2MDAwMDAwMDAwMDB9fQ==",
          "dependencies": [
            "module.vpc.aws_eip.nat",
            "module.vpc.aws_internet_gateway.this",
            "module.vpc.aws_subnet.public",
            "module.vpc.aws_vpc.this"
          ]
        }
      ]
    },
    {
      "module": "module.vpc",
      "mode": "managed",
      "type": "aws_route",
      "name": "private_nat_gateway",
      "provider": "provider[\"registry.terraform.io/hashicorp/aws\"]",
      "instances": [
        {
          "index_key": 0,
          "schema_version": 0,
          "attributes": {
            "carrier_gateway_id": "",
            "core_network_arn": "",
            "destination_cidr_block": "0.0.0.0/0",
            "destination_ipv6_cidr_block": "",
            "destination_prefix_list_id": "",
            "egress_only_gateway_id": "",
            "gateway_id": "",
            "id": "r-rtb-051f7ceabefbb6d521080289494",
            "instance_id": "",
            "instance_owner_id": "",
            "local_gateway_id": "",
            "nat_gateway_id": "nat-05cc2dd2a35f80da7",
            "network_interface_id": "",
            "origin": "CreateRoute",
            "route_table_id": "rtb-051f7ceabefbb6d52",
            "state": "active",
            "timeouts": {
              "create": "5m",
              "delete": null,
              "update": null
            },
            "transit_gateway_id": "",
            "vpc_endpoint_id": "",
            "vpc_peering_connection_id": ""
          },
          "sensitive_attributes": [],
          "private": "eyJlMmJmYjczMC1lY2FhLTExZTYtOGY4OC0zNDM2M2JjN2M0YzAiOnsiY3JlYXRlIjozMDAwMDAwMDAwMDAsImRlbGV0ZSI6MzAwMDAwMDAwMDAwLCJ1cGRhdGUiOjEyMDAwMDAwMDAwMH19",
          "dependencies": [
            "module.vpc.aws_eip.nat",
            "module.vpc.aws_internet_gateway.this",
            "module.vpc.aws_nat_gateway.this",
            "module.vpc.aws_route_table.private",
            "module.vpc.aws_subnet.public",
            "module.vpc.aws_vpc.this"
          ]
        },
        {
          "index_key": 1,
          "schema_version": 0,
          "attributes": {
            "carrier_gateway_id": "",
            "core_network_arn": "",
            "destination_cidr_block": "0.0.0.0/0",
            "destination_ipv6_cidr_block": "",
            "destination_prefix_list_id": "",
            "egress_only_gateway_id": "",
            "gateway_id": "",
            "id": "r-rtb-0389803302e72cba21080289494",
            "instance_id": "",
            "instance_owner_id": "",
            "local_gateway_id": "",
            "nat_gateway_id": "nat-05cc2dd2a35f80da7",
            "network_interface_id": "",
            "origin": "CreateRoute",
            "route_table_id": "rtb-0389803302e72cba2",
            "state": "active",
            "timeouts": {
              "create": "5m",
              "delete": null,
              "update": null
            },
            "transit_gateway_id": "",
            "vpc_endpoint_id": "",
            "vpc_peering_connection_id": ""
          },
          "sensitive_attributes": [],
          "private": "eyJlMmJmYjczMC1lY2FhLTExZTYtOGY4OC0zNDM2M2JjN2M0YzAiOnsiY3JlYXRlIjozMDAwMDAwMDAwMDAsImRlbGV0ZSI6MzAwMDAwMDAwMDAwLCJ1cGRhdGUiOjEyMDAwMDAwMDAwMH19",
          "dependencies": [
            "module.vpc.aws_route_table.private",
            "module.vpc.aws_subnet.public",
            "module.vpc.aws_vpc.this",
            "module.vpc.aws_eip.nat",
            "module.vpc.aws_internet_gateway.this",
            "module.vpc.aws_nat_gateway.this"
          ]
        }
      ]
    },
    {
      "module": "module.vpc",
      "mode": "managed",
      "type": "aws_route",
      "name": "public_internet_gateway",
      "provider": "provider[\"registry.terraform.io/hashicorp/aws\"]",
      "instances": [
        {
          "index_key": 0,
          "schema_version": 0,
          "attributes": {
            "carrier_gateway_id": "",
            "core_network_arn": "",
            "destination_cidr_block": "0.0.0.0/0",
            "destination_ipv6_cidr_block": "",
            "destination_prefix_list_id": "",
            "egress_only_gateway_id": "",
            "gateway_id": "igw-0775df934a02e85af",
            "id": "r-rtb-0e8bbf373ff1a7d0b1080289494",
            "instance_id": "",
            "instance_owner_id": "",
            "local_gateway_id": "",
            "nat_gateway_id": "",
            "network_interface_id": "",
            "origin": "CreateRoute",
            "route_table_id": "rtb-0e8bbf373ff1a7d0b",
            "state": "active",
            "timeouts": {
              "create": "5m",
              "delete": null,
              "update": null
            },
            "transit_gateway_id": "",
            "vpc_endpoint_id": "",
            "vpc_peering_connection_id": ""
          },
          "sensitive_attributes": [],
          "private": "eyJlMmJmYjczMC1lY2FhLTExZTYtOGY4OC0zNDM2M2JjN2M0YzAiOnsiY3JlYXRlIjozMDAwMDAwMDAwMDAsImRlbGV0ZSI6MzAwMDAwMDAwMDAwLCJ1cGRhdGUiOjEyMDAwMDAwMDAwMH19",
          "dependencies": [
            "module.vpc.aws_internet_gateway.this",
            "module.vpc.aws_route_table.public",
            "module.vpc.aws_vpc.this"
          ]
        },
        {
          "index_key": 1,
          "schema_version": 0,
          "attributes": {
            "carrier_gateway_id": "",
            "core_network_arn": "",
            "destination_cidr_block": "0.0.0.0/0",
            "destination_ipv6_cidr_block": "",
            "destination_prefix_list_id": "",
            "egress_only_gateway_id": "",
            "gateway_id": "igw-0775df934a02e85af",
            "id": "r-rtb-0e8bbf373ff1a7d0b1080289494",
            "instance_id": "",
            "instance_owner_id": "",
            "local_gateway_id": "",
            "nat_gateway_id": "",
            "network_interface_id": "",
            "origin": "CreateRoute",
            "route_table_id": "rtb-0e8bbf373ff1a7d0b",
            "state": "active",
            "timeouts": {
              "create": "5m",
              "delete": null,
              "update": null
            },
            "transit_gateway_id": "",
            "vpc_endpoint_id": "",
            "vpc_peering_connection_id": ""
          },
          "sensitive_attributes": [],
          "private": "eyJlMmJmYjczMC1lY2FhLTExZTYtOGY4OC0zNDM2M2JjN2M0YzAiOnsiY3JlYXRlIjozMDAwMDAwMDAwMDAsImRlbGV0ZSI6MzAwMDAwMDAwMDAwLCJ1cGRhdGUiOjEyMDAwMDAwMDAwMH19",
          "dependencies": [
            "module.vpc.aws_internet_gateway.this",
            "module.vpc.aws_route_table.public",
            "module.vpc.aws_vpc.this"
          ]
        }
      ]
    },
    {
      "module": "module.vpc",
      "mode": "managed",
      "type": "aws_route_table",
      "name": "private",
      "provider": "provider[\"registry.terraform.io/hashicorp/aws\"]",
      "instances": [
        {
          "index_key": 0,
          "schema_version": 0,
          "attributes": {
            "arn": "arn:aws:ec2:us-east-2:238710184079:route-table/rtb-051f7ceabefbb6d52",
            "id": "rtb-051f7ceabefbb6d52",
            "owner_id": "238710184079",
            "propagating_vgws": [],
            "route": [
              {
                "carrier_gateway_id": "",
                "cidr_block": "0.0.0.0/0",
                "core_network_arn": "",
                "destination_prefix_list_id": "",
                "egress_only_gateway_id": "",
                "gateway_id": "",
                "ipv6_cidr_block": "",
                "local_gateway_id": "",
                "nat_gateway_id": "nat-05cc2dd2a35f80da7",
                "network_interface_id": "",
                "transit_gateway_id": "",
                "vpc_endpoint_id": "",
                "vpc_peering_connection_id": ""
              }
            ],
            "tags": {
              "Name": "udacity-project-private-us-east-2a"
            },
            "tags_all": {
              "Name": "udacity-project-private-us-east-2a",
              "Terraform": "true"
            },
            "timeouts": null,
            "vpc_id": "vpc-01abbf27c7a0d93a1"
          },
          "sensitive_attributes": [],
          "private": "eyJlMmJmYjczMC1lY2FhLTExZTYtOGY4OC0zNDM2M2JjN2M0YzAiOnsiY3JlYXRlIjozMDAwMDAwMDAwMDAsImRlbGV0ZSI6MzAwMDAwMDAwMDAwLCJ1cGRhdGUiOjEyMDAwMDAwMDAwMH19",
          "dependencies": [
            "module.vpc.aws_vpc.this"
          ]
        },
        {
          "index_key": 1,
          "schema_version": 0,
          "attributes": {
            "arn": "arn:aws:ec2:us-east-2:238710184079:route-table/rtb-0389803302e72cba2",
            "id": "rtb-0389803302e72cba2",
            "owner_id": "238710184079",
            "propagating_vgws": [],
            "route": [
              {
                "carrier_gateway_id": "",
                "cidr_block": "0.0.0.0/0",
                "core_network_arn": "",
                "destination_prefix_list_id": "",
                "egress_only_gateway_id": "",
                "gateway_id": "",
                "ipv6_cidr_block": "",
                "local_gateway_id": "",
                "nat_gateway_id": "nat-05cc2dd2a35f80da7",
                "network_interface_id": "",
                "transit_gateway_id": "",
                "vpc_endpoint_id": "",
                "vpc_peering_connection_id": ""
              }
            ],
            "tags": {
              "Name": "udacity-project-private-us-east-2b"
            },
            "tags_all": {
              "Name": "udacity-project-private-us-east-2b",
              "Terraform": "true"
            },
            "timeouts": null,
            "vpc_id": "vpc-01abbf27c7a0d93a1"
          },
          "sensitive_attributes": [],
          "private": "eyJlMmJmYjczMC1lY2FhLTExZTYtOGY4OC0zNDM2M2JjN2M0YzAiOnsiY3JlYXRlIjozMDAwMDAwMDAwMDAsImRlbGV0ZSI6MzAwMDAwMDAwMDAwLCJ1cGRhdGUiOjEyMDAwMDAwMDAwMH19",
          "dependencies": [
            "module.vpc.aws_vpc.this"
          ]
        }
      ]
    },
    {
      "module": "module.vpc",
      "mode": "managed",
      "type": "aws_route_table",
      "name": "public",
      "provider": "provider[\"registry.terraform.io/hashicorp/aws\"]",
      "instances": [
        {
          "index_key": 0,
          "schema_version": 0,
          "attributes": {
            "arn": "arn:aws:ec2:us-east-2:238710184079:route-table/rtb-0e8bbf373ff1a7d0b",
            "id": "rtb-0e8bbf373ff1a7d0b",
            "owner_id": "238710184079",
            "propagating_vgws": [],
            "route": [
              {
                "carrier_gateway_id": "",
                "cidr_block": "0.0.0.0/0",
                "core_network_arn": "",
                "destination_prefix_list_id": "",
                "egress_only_gateway_id": "",
                "gateway_id": "igw-0775df934a02e85af",
                "ipv6_cidr_block": "",
                "local_gateway_id": "",
                "nat_gateway_id": "",
                "network_interface_id": "",
                "transit_gateway_id": "",
                "vpc_endpoint_id": "",
                "vpc_peering_connection_id": ""
              }
            ],
            "tags": {
              "Name": "udacity-project-public"
            },
            "tags_all": {
              "Name": "udacity-project-public",
              "Terraform": "true"
            },
            "timeouts": null,
            "vpc_id": "vpc-01abbf27c7a0d93a1"
          },
          "sensitive_attributes": [],
          "private": "eyJlMmJmYjczMC1lY2FhLTExZTYtOGY4OC0zNDM2M2JjN2M0YzAiOnsiY3JlYXRlIjozMDAwMDAwMDAwMDAsImRlbGV0ZSI6MzAwMDAwMDAwMDAwLCJ1cGRhdGUiOjEyMDAwMDAwMDAwMH19",
          "dependencies": [
            "module.vpc.aws_vpc.this"
          ]
        }
      ]
    },
    {
      "module": "module.vpc",
      "mode": "managed",
      "type": "aws_route_table_association",
      "name": "private",
      "provider": "provider[\"registry.terraform.io/hashicorp/aws\"]",
      "instances": [
        {
          "index_key": 0,
          "schema_version": 0,
          "attributes": {
            "gateway_id": "",
            "id": "rtbassoc-0889ba89ba2bc2ebd",
            "route_table_id": "rtb-051f7ceabefbb6d52",
            "subnet_id": "subnet-0d43e288a3bb7599c",
            "timeouts": null
          },
          "sensitive_attributes": [],
          "private": "eyJlMmJmYjczMC1lY2FhLTExZTYtOGY4OC0zNDM2M2JjN2M0YzAiOnsiY3JlYXRlIjozMDAwMDAwMDAwMDAsImRlbGV0ZSI6MzAwMDAwMDAwMDAwLCJ1cGRhdGUiOjEyMDAwMDAwMDAwMH19",
          "dependencies": [
            "module.vpc.aws_route_table.private",
            "module.vpc.aws_subnet.private",
            "module.vpc.aws_vpc.this"
          ]
        },
        {
          "index_key": 1,
          "schema_version": 0,
          "attributes": {
            "gateway_id": "",
            "id": "rtbassoc-0ae080a4f9bccc017",
            "route_table_id": "rtb-0389803302e72cba2",
            "subnet_id": "subnet-01f6585fce2199d7e",
            "timeouts": null
          },
          "sensitive_attributes": [],
          "private": "eyJlMmJmYjczMC1lY2FhLTExZTYtOGY4OC0zNDM2M2JjN2M0YzAiOnsiY3JlYXRlIjozMDAwMDAwMDAwMDAsImRlbGV0ZSI6MzAwMDAwMDAwMDAwLCJ1cGRhdGUiOjEyMDAwMDAwMDAwMH19",
          "dependencies": [
            "module.vpc.aws_vpc.this",
            "module.vpc.aws_route_table.private",
            "module.vpc.aws_subnet.private"
          ]
        }
      ]
    },
    {
      "module": "module.vpc",
      "mode": "managed",
      "type": "aws_route_table_association",
      "name": "public",
      "provider": "provider[\"registry.terraform.io/hashicorp/aws\"]",
      "instances": [
        {
          "index_key": 0,
          "schema_version": 0,
          "attributes": {
            "gateway_id": "",
            "id": "rtbassoc-0bfc3f04ffe4d7c6e",
            "route_table_id": "rtb-0e8bbf373ff1a7d0b",
            "subnet_id": "subnet-028b8ad02f25590c7",
            "timeouts": null
          },
          "sensitive_attributes": [],
          "private": "eyJlMmJmYjczMC1lY2FhLTExZTYtOGY4OC0zNDM2M2JjN2M0YzAiOnsiY3JlYXRlIjozMDAwMDAwMDAwMDAsImRlbGV0ZSI6MzAwMDAwMDAwMDAwLCJ1cGRhdGUiOjEyMDAwMDAwMDAwMH19",
          "dependencies": [
            "module.vpc.aws_route_table.public",
            "module.vpc.aws_subnet.public",
            "module.vpc.aws_vpc.this"
          ]
        },
        {
          "index_key": 1,
          "schema_version": 0,
          "attributes": {
            "gateway_id": "",
            "id": "rtbassoc-000f570c14b202612",
            "route_table_id": "rtb-0e8bbf373ff1a7d0b",
            "subnet_id": "subnet-097a0111b7941a6f9",
            "timeouts": null
          },
          "sensitive_attributes": [],
          "private": "eyJlMmJmYjczMC1lY2FhLTExZTYtOGY4OC0zNDM2M2JjN2M0YzAiOnsiY3JlYXRlIjozMDAwMDAwMDAwMDAsImRlbGV0ZSI6MzAwMDAwMDAwMDAwLCJ1cGRhdGUiOjEyMDAwMDAwMDAwMH19",
          "dependencies": [
            "module.vpc.aws_subnet.public",
            "module.vpc.aws_vpc.this",
            "module.vpc.aws_route_table.public"
          ]
        }
      ]
    },
    {
      "module": "module.vpc",
      "mode": "managed",
      "type": "aws_subnet",
      "name": "private",
      "provider": "provider[\"registry.terraform.io/hashicorp/aws\"]",
      "instances": [
        {
          "index_key": 0,
          "schema_version": 1,
          "attributes": {
            "arn": "arn:aws:ec2:us-east-2:238710184079:subnet/subnet-0d43e288a3bb7599c",
            "assign_ipv6_address_on_creation": false,
            "availability_zone": "us-east-2a",
            "availability_zone_id": "use2-az1",
            "cidr_block": "10.100.1.0/24",
            "customer_owned_ipv4_pool": "",
            "enable_dns64": false,
            "enable_lni_at_device_index": 0,
            "enable_resource_name_dns_a_record_on_launch": false,
            "enable_resource_name_dns_aaaa_record_on_launch": false,
            "id": "subnet-0d43e288a3bb7599c",
            "ipv6_cidr_block": "",
            "ipv6_cidr_block_association_id": "",
            "ipv6_native": false,
            "map_customer_owned_ip_on_launch": false,
            "map_public_ip_on_launch": false,
            "outpost_arn": "",
            "owner_id": "238710184079",
            "private_dns_hostname_type_on_launch": "ip-name",
            "tags": {
              "Name": "udacity-project-private-us-east-2a",
              "kubernetes.io/role/internal-elb": "1"
            },
            "tags_all": {
              "Name": "udacity-project-private-us-east-2a",
              "Terraform": "true",
              "kubernetes.io/role/internal-elb": "1"
            },
            "timeouts": null,
            "vpc_id": "vpc-01abbf27c7a0d93a1"
          },
          "sensitive_attributes": [],
          "private": "eyJlMmJmYjczMC1lY2FhLTExZTYtOGY4OC0zNDM2M2JjN2M0YzAiOnsiY3JlYXRlIjo2MDAwMDAwMDAwMDAsImRlbGV0ZSI6MTIwMDAwMDAwMDAwMH0sInNjaGVtYV92ZXJzaW9uIjoiMSJ9",
          "dependencies": [
            "module.vpc.aws_vpc.this"
          ]
        },
        {
          "index_key": 1,
          "schema_version": 1,
          "attributes": {
            "arn": "arn:aws:ec2:us-east-2:238710184079:subnet/subnet-01f6585fce2199d7e",
            "assign_ipv6_address_on_creation": false,
            "availability_zone": "us-east-2b",
            "availability_zone_id": "use2-az2",
            "cidr_block": "10.100.2.0/24",
            "customer_owned_ipv4_pool": "",
            "enable_dns64": false,
            "enable_lni_at_device_index": 0,
            "enable_resource_name_dns_a_record_on_launch": false,
            "enable_resource_name_dns_aaaa_record_on_launch": false,
            "id": "subnet-01f6585fce2199d7e",
            "ipv6_cidr_block": "",
            "ipv6_cidr_block_association_id": "",
            "ipv6_native": false,
            "map_customer_owned_ip_on_launch": false,
            "map_public_ip_on_launch": false,
            "outpost_arn": "",
            "owner_id": "238710184079",
            "private_dns_hostname_type_on_launch": "ip-name",
            "tags": {
              "Name": "udacity-project-private-us-east-2b",
              "kubernetes.io/role/internal-elb": "1"
            },
            "tags_all": {
              "Name": "udacity-project-private-us-east-2b",
              "Terraform": "true",
              "kubernetes.io/role/internal-elb": "1"
            },
            "timeouts": null,
            "vpc_id": "vpc-01abbf27c7a0d93a1"
          },
          "sensitive_attributes": [],
          "private": "eyJlMmJmYjczMC1lY2FhLTExZTYtOGY4OC0zNDM2M2JjN2M0YzAiOnsiY3JlYXRlIjo2MDAwMDAwMDAwMDAsImRlbGV0ZSI6MTIwMDAwMDAwMDAwMH0sInNjaGVtYV92ZXJzaW9uIjoiMSJ9",
          "dependencies": [
            "module.vpc.aws_vpc.this"
          ]
        }
      ]
    },
    {
      "module": "module.vpc",
      "mode": "managed",
      "type": "aws_subnet",
      "name": "public",
      "provider": "provider[\"registry.terraform.io/hashicorp/aws\"]",
      "instances": [
        {
          "index_key": 0,
          "schema_version": 1,
          "attributes": {
            "arn": "arn:aws:ec2:us-east-2:238710184079:subnet/subnet-028b8ad02f25590c7",
            "assign_ipv6_address_on_creation": false,
            "availability_zone": "us-east-2a",
            "availability_zone_id": "use2-az1",
            "cidr_block": "10.100.10.0/24",
            "customer_owned_ipv4_pool": "",
            "enable_dns64": false,
            "enable_lni_at_device_index": 0,
            "enable_resource_name_dns_a_record_on_launch": false,
            "enable_resource_name_dns_aaaa_record_on_launch": false,
            "id": "subnet-028b8ad02f25590c7",
            "ipv6_cidr_block": "",
            "ipv6_cidr_block_association_id": "",
            "ipv6_native": false,
            "map_customer_owned_ip_on_launch": false,
            "map_public_ip_on_launch": true,
            "outpost_arn": "",
            "owner_id": "238710184079",
            "private_dns_hostname_type_on_launch": "ip-name",
            "tags": {
              "Name": "udacity-project-public-us-east-2a",
              "kubernetes.io/role/elb": "1"
            },
            "tags_all": {
              "Name": "udacity-project-public-us-east-2a",
              "Terraform": "true",
              "kubernetes.io/role/elb": "1"
            },
            "timeouts": null,
            "vpc_id": "vpc-01abbf27c7a0d93a1"
          },
          "sensitive_attributes": [],
          "private": "eyJlMmJmYjczMC1lY2FhLTExZTYtOGY4OC0zNDM2M2JjN2M0YzAiOnsiY3JlYXRlIjo2MDAwMDAwMDAwMDAsImRlbGV0ZSI6MTIwMDAwMDAwMDAwMH0sInNjaGVtYV92ZXJzaW9uIjoiMSJ9",
          "dependencies": [
            "module.vpc.aws_vpc.this"
          ]
        },
        {
          "index_key": 1,
          "schema_version": 1,
          "attributes": {
            "arn": "arn:aws:ec2:us-east-2:238710184079:subnet/subnet-097a0111b7941a6f9",
            "assign_ipv6_address_on_creation": false,
            "availability_zone": "us-east-2b",
            "availability_zone_id": "use2-az2",
            "cidr_block": "10.100.11.0/24",
            "customer_owned_ipv4_pool": "",
            "enable_dns64": false,
            "enable_lni_at_device_index": 0,
            "enable_resource_name_dns_a_record_on_launch": false,
            "enable_resource_name_dns_aaaa_record_on_launch": false,
            "id": "subnet-097a0111b7941a6f9",
            "ipv6_cidr_block": "",
            "ipv6_cidr_block_association_id": "",
            "ipv6_native": false,
            "map_customer_owned_ip_on_launch": false,
            "map_public_ip_on_launch": true,
            "outpost_arn": "",
            "owner_id": "238710184079",
            "private_dns_hostname_type_on_launch": "ip-name",
            "tags": {
              "Name": "udacity-project-public-us-east-2b",
              "kubernetes.io/role/elb": "1"
            },
            "tags_all": {
              "Name": "udacity-project-public-us-east-2b",
              "Terraform": "true",
              "kubernetes.io/role/elb": "1"
            },
            "timeouts": null,
            "vpc_id": "vpc-01abbf27c7a0d93a1"
          },
          "sensitive_attributes": [],
          "private": "eyJlMmJmYjczMC1lY2FhLTExZTYtOGY4OC0zNDM2M2JjN2M0YzAiOnsiY3JlYXRlIjo2MDAwMDAwMDAwMDAsImRlbGV0ZSI6MTIwMDAwMDAwMDAwMH0sInNjaGVtYV92ZXJzaW9uIjoiMSJ9",
          "dependencies": [
            "module.vpc.aws_vpc.this"
          ]
        }
      ]
    },
    {
      "module": "module.vpc",
      "mode": "managed",
      "type": "aws_vpc",
      "name": "this",
      "provider": "provider[\"registry.terraform.io/hashicorp/aws\"]",
      "instances": [
        {
          "schema_version": 1,
          "attributes": {
            "arn": "arn:aws:ec2:us-east-2:238710184079:vpc/vpc-01abbf27c7a0d93a1",
            "assign_generated_ipv6_cidr_block": false,
            "cidr_block": "10.100.0.0/16",
            "default_network_acl_id": "acl-00728a4fe282b1439",
            "default_route_table_id": "rtb-048e3546c84a31292",
            "default_security_group_id": "sg-03716128ca2fa831d",
            "dhcp_options_id": "dopt-087384a44556236d0",
            "enable_dns_hostnames": true,
            "enable_dns_support": true,
            "enable_network_address_usage_metrics": false,
            "id": "vpc-01abbf27c7a0d93a1",
            "instance_tenancy": "default",
            "ipv4_ipam_pool_id": null,
            "ipv4_netmask_length": null,
            "ipv6_association_id": "",
            "ipv6_cidr_block": "",
            "ipv6_cidr_block_network_border_group": "",
            "ipv6_ipam_pool_id": "",
            "ipv6_netmask_length": 0,
            "main_route_table_id": "rtb-048e3546c84a31292",
            "owner_id": "238710184079",
            "tags": {
              "Name": "udacity-project"
            },
            "tags_all": {
              "Name": "udacity-project",
              "Terraform": "true"
            }
          },
          "sensitive_attributes": [],
          "private": "eyJzY2hlbWFfdmVyc2lvbiI6IjEifQ=="
        }
      ]
    },
    {
      "module": "module.vpc_west",
      "mode": "managed",
      "type": "aws_eip",
      "name": "nat",
      "provider": "provider[\"registry.terraform.io/hashicorp/aws\"].usw1",
      "instances": [
        {
          "index_key": 0,
          "schema_version": 0,
          "attributes": {
            "address": null,
            "allocation_id": "eipalloc-0407e35d0e88e002c",
            "associate_with_private_ip": null,
            "association_id": "eipassoc-01fbcd445aa30d053",
            "carrier_ip": "",
            "customer_owned_ip": "",
            "customer_owned_ipv4_pool": "",
            "domain": "vpc",
            "id": "eipalloc-0407e35d0e88e002c",
            "instance": "",
            "network_border_group": "us-west-1",
            "network_interface": "eni-0ba6895eb6e69522e",
            "private_dns": "ip-10-100-10-41.us-west-1.compute.internal",
            "private_ip": "10.100.10.41",
            "public_dns": "ec2-54-67-83-128.us-west-1.compute.amazonaws.com",
            "public_ip": "54.67.83.128",
            "public_ipv4_pool": "amazon",
            "tags": {
              "Name": "udacity-project-us-west-1b"
            },
            "tags_all": {
              "Name": "udacity-project-us-west-1b"
            },
            "timeouts": null,
            "vpc": true
          },
          "sensitive_attributes": [],
          "private": "eyJlMmJmYjczMC1lY2FhLTExZTYtOGY4OC0zNDM2M2JjN2M0YzAiOnsiZGVsZXRlIjoxODAwMDAwMDAwMDAsInJlYWQiOjkwMDAwMDAwMDAwMCwidXBkYXRlIjozMDAwMDAwMDAwMDB9fQ=="
        }
      ]
    },
    {
      "module": "module.vpc_west",
      "mode": "managed",
      "type": "aws_internet_gateway",
      "name": "this",
      "provider": "provider[\"registry.terraform.io/hashicorp/aws\"].usw1",
      "instances": [
        {
          "index_key": 0,
          "schema_version": 0,
          "attributes": {
            "arn": "arn:aws:ec2:us-west-1:238710184079:internet-gateway/igw-05a23af93a5be732a",
            "id": "igw-05a23af93a5be732a",
            "owner_id": "238710184079",
            "tags": {
              "Name": "udacity-project"
            },
            "tags_all": {
              "Name": "udacity-project"
            },
            "timeouts": null,
            "vpc_id": "vpc-027539fbfbde77248"
          },
          "sensitive_attributes": [],
          "private": "eyJlMmJmYjczMC1lY2FhLTExZTYtOGY4OC0zNDM2M2JjN2M0YzAiOnsiY3JlYXRlIjoxMjAwMDAwMDAwMDAwLCJkZWxldGUiOjEyMDAwMDAwMDAwMDAsInVwZGF0ZSI6MTIwMDAwMDAwMDAwMH19",
          "dependencies": [
            "module.vpc_west.aws_vpc.this"
          ]
        }
      ]
    },
    {
      "module": "module.vpc_west",
      "mode": "managed",
      "type": "aws_nat_gateway",
      "name": "this",
      "provider": "provider[\"registry.terraform.io/hashicorp/aws\"].usw1",
      "instances": [
        {
          "index_key": 0,
          "schema_version": 0,
          "attributes": {
            "allocation_id": "eipalloc-0407e35d0e88e002c",
            "association_id": "eipassoc-01fbcd445aa30d053",
            "connectivity_type": "public",
            "id": "nat-0f960033c38e91665",
            "network_interface_id": "eni-0ba6895eb6e69522e",
            "private_ip": "10.100.10.41",
            "public_ip": "54.67.83.128",
            "secondary_allocation_ids": [],
            "secondary_private_ip_address_count": 0,
            "secondary_private_ip_addresses": [],
            "subnet_id": "subnet-0dadbf6a13ff16963",
            "tags": {
              "Name": "udacity-project-us-west-1b"
            },
            "tags_all": {
              "Name": "udacity-project-us-west-1b"
            },
            "timeouts": null
          },
          "sensitive_attributes": [],
          "private": "eyJlMmJmYjczMC1lY2FhLTExZTYtOGY4OC0zNDM2M2JjN2M0YzAiOnsiY3JlYXRlIjo2MDAwMDAwMDAwMDAsImRlbGV0ZSI6MTgwMDAwMDAwMDAwMCwidXBkYXRlIjo2MDAwMDAwMDAwMDB9fQ==",
          "dependencies": [
            "module.vpc_west.aws_eip.nat",
            "module.vpc_west.aws_internet_gateway.this",
            "module.vpc_west.aws_subnet.public",
            "module.vpc_west.aws_vpc.this"
          ]
        }
      ]
    },
    {
      "module": "module.vpc_west",
      "mode": "managed",
      "type": "aws_route",
      "name": "private_nat_gateway",
      "provider": "provider[\"registry.terraform.io/hashicorp/aws\"].usw1",
      "instances": [
        {
          "index_key": 0,
          "schema_version": 0,
          "attributes": {
            "carrier_gateway_id": "",
            "core_network_arn": "",
            "destination_cidr_block": "0.0.0.0/0",
            "destination_ipv6_cidr_block": "",
            "destination_prefix_list_id": "",
            "egress_only_gateway_id": "",
            "gateway_id": "",
            "id": "r-rtb-0cbbe39ccafb31de71080289494",
            "instance_id": "",
            "instance_owner_id": "",
            "local_gateway_id": "",
            "nat_gateway_id": "nat-0f960033c38e91665",
            "network_interface_id": "",
            "origin": "CreateRoute",
            "route_table_id": "rtb-0cbbe39ccafb31de7",
            "state": "active",
            "timeouts": {
              "create": "5m",
              "delete": null,
              "update": null
            },
            "transit_gateway_id": "",
            "vpc_endpoint_id": "",
            "vpc_peering_connection_id": ""
          },
          "sensitive_attributes": [],
          "private": "eyJlMmJmYjczMC1lY2FhLTExZTYtOGY4OC0zNDM2M2JjN2M0YzAiOnsiY3JlYXRlIjozMDAwMDAwMDAwMDAsImRlbGV0ZSI6MzAwMDAwMDAwMDAwLCJ1cGRhdGUiOjEyMDAwMDAwMDAwMH19",
          "dependencies": [
            "module.vpc_west.aws_eip.nat",
            "module.vpc_west.aws_internet_gateway.this",
            "module.vpc_west.aws_nat_gateway.this",
            "module.vpc_west.aws_route_table.private",
            "module.vpc_west.aws_subnet.public",
            "module.vpc_west.aws_vpc.this"
          ]
        },
        {
          "index_key": 1,
          "schema_version": 0,
          "attributes": {
            "carrier_gateway_id": "",
            "core_network_arn": "",
            "destination_cidr_block": "0.0.0.0/0",
            "destination_ipv6_cidr_block": "",
            "destination_prefix_list_id": "",
            "egress_only_gateway_id": "",
            "gateway_id": "",
            "id": "r-rtb-0d955a65c06742a691080289494",
            "instance_id": "",
            "instance_owner_id": "",
            "local_gateway_id": "",
            "nat_gateway_id": "nat-0f960033c38e91665",
            "network_interface_id": "",
            "origin": "CreateRoute",
            "route_table_id": "rtb-0d955a65c06742a69",
            "state": "active",
            "timeouts": {
              "create": "5m",
              "delete": null,
              "update": null
            },
            "transit_gateway_id": "",
            "vpc_endpoint_id": "",
            "vpc_peering_connection_id": ""
          },
          "sensitive_attributes": [],
          "private": "eyJlMmJmYjczMC1lY2FhLTExZTYtOGY4OC0zNDM2M2JjN2M0YzAiOnsiY3JlYXRlIjozMDAwMDAwMDAwMDAsImRlbGV0ZSI6MzAwMDAwMDAwMDAwLCJ1cGRhdGUiOjEyMDAwMDAwMDAwMH19",
          "dependencies": [
            "module.vpc_west.aws_subnet.public",
            "module.vpc_west.aws_vpc.this",
            "module.vpc_west.aws_eip.nat",
            "module.vpc_west.aws_internet_gateway.this",
            "module.vpc_west.aws_nat_gateway.this",
            "module.vpc_west.aws_route_table.private"
          ]
        }
      ]
    },
    {
      "module": "module.vpc_west",
      "mode": "managed",
      "type": "aws_route",
      "name": "public_internet_gateway",
      "provider": "provider[\"registry.terraform.io/hashicorp/aws\"].usw1",
      "instances": [
        {
          "index_key": 0,
          "schema_version": 0,
          "attributes": {
            "carrier_gateway_id": "",
            "core_network_arn": "",
            "destination_cidr_block": "0.0.0.0/0",
            "destination_ipv6_cidr_block": "",
            "destination_prefix_list_id": "",
            "egress_only_gateway_id": "",
            "gateway_id": "igw-05a23af93a5be732a",
            "id": "r-rtb-05942c8c9b4a839891080289494",
            "instance_id": "",
            "instance_owner_id": "",
            "local_gateway_id": "",
            "nat_gateway_id": "",
            "network_interface_id": "",
            "origin": "CreateRoute",
            "route_table_id": "rtb-05942c8c9b4a83989",
            "state": "active",
            "timeouts": {
              "create": "5m",
              "delete": null,
              "update": null
            },
            "transit_gateway_id": "",
            "vpc_endpoint_id": "",
            "vpc_peering_connection_id": ""
          },
          "sensitive_attributes": [],
          "private": "eyJlMmJmYjczMC1lY2FhLTExZTYtOGY4OC0zNDM2M2JjN2M0YzAiOnsiY3JlYXRlIjozMDAwMDAwMDAwMDAsImRlbGV0ZSI6MzAwMDAwMDAwMDAwLCJ1cGRhdGUiOjEyMDAwMDAwMDAwMH19",
          "dependencies": [
            "module.vpc_west.aws_internet_gateway.this",
            "module.vpc_west.aws_route_table.public",
            "module.vpc_west.aws_vpc.this"
          ]
        },
        {
          "index_key": 1,
          "schema_version": 0,
          "attributes": {
            "carrier_gateway_id": "",
            "core_network_arn": "",
            "destination_cidr_block": "0.0.0.0/0",
            "destination_ipv6_cidr_block": "",
            "destination_prefix_list_id": "",
            "egress_only_gateway_id": "",
            "gateway_id": "igw-05a23af93a5be732a",
            "id": "r-rtb-05942c8c9b4a839891080289494",
            "instance_id": "",
            "instance_owner_id": "",
            "local_gateway_id": "",
            "nat_gateway_id": "",
            "network_interface_id": "",
            "origin": "CreateRoute",
            "route_table_id": "rtb-05942c8c9b4a83989",
            "state": "active",
            "timeouts": {
              "create": "5m",
              "delete": null,
              "update": null
            },
            "transit_gateway_id": "",
            "vpc_endpoint_id": "",
            "vpc_peering_connection_id": ""
          },
          "sensitive_attributes": [],
          "private": "eyJlMmJmYjczMC1lY2FhLTExZTYtOGY4OC0zNDM2M2JjN2M0YzAiOnsiY3JlYXRlIjozMDAwMDAwMDAwMDAsImRlbGV0ZSI6MzAwMDAwMDAwMDAwLCJ1cGRhdGUiOjEyMDAwMDAwMDAwMH19",
          "dependencies": [
            "module.vpc_west.aws_internet_gateway.this",
            "module.vpc_west.aws_route_table.public",
            "module.vpc_west.aws_vpc.this"
          ]
        }
      ]
    },
    {
      "module": "module.vpc_west",
      "mode": "managed",
      "type": "aws_route_table",
      "name": "private",
      "provider": "provider[\"registry.terraform.io/hashicorp/aws\"].usw1",
      "instances": [
        {
          "index_key": 0,
          "schema_version": 0,
          "attributes": {
            "arn": "arn:aws:ec2:us-west-1:238710184079:route-table/rtb-0cbbe39ccafb31de7",
            "id": "rtb-0cbbe39ccafb31de7",
            "owner_id": "238710184079",
            "propagating_vgws": [],
            "route": [
              {
                "carrier_gateway_id": "",
                "cidr_block": "0.0.0.0/0",
                "core_network_arn": "",
                "destination_prefix_list_id": "",
                "egress_only_gateway_id": "",
                "gateway_id": "",
                "ipv6_cidr_block": "",
                "local_gateway_id": "",
                "nat_gateway_id": "nat-0f960033c38e91665",
                "network_interface_id": "",
                "transit_gateway_id": "",
                "vpc_endpoint_id": "",
                "vpc_peering_connection_id": ""
              }
            ],
            "tags": {
              "Name": "udacity-project-private-us-west-1b"
            },
            "tags_all": {
              "Name": "udacity-project-private-us-west-1b"
            },
            "timeouts": null,
            "vpc_id": "vpc-027539fbfbde77248"
          },
          "sensitive_attributes": [],
          "private": "eyJlMmJmYjczMC1lY2FhLTExZTYtOGY4OC0zNDM2M2JjN2M0YzAiOnsiY3JlYXRlIjozMDAwMDAwMDAwMDAsImRlbGV0ZSI6MzAwMDAwMDAwMDAwLCJ1cGRhdGUiOjEyMDAwMDAwMDAwMH19",
          "dependencies": [
            "module.vpc_west.aws_vpc.this"
          ]
        },
        {
          "index_key": 1,
          "schema_version": 0,
          "attributes": {
            "arn": "arn:aws:ec2:us-west-1:238710184079:route-table/rtb-0d955a65c06742a69",
            "id": "rtb-0d955a65c06742a69",
            "owner_id": "238710184079",
            "propagating_vgws": [],
            "route": [
              {
                "carrier_gateway_id": "",
                "cidr_block": "0.0.0.0/0",
                "core_network_arn": "",
                "destination_prefix_list_id": "",
                "egress_only_gateway_id": "",
                "gateway_id": "",
                "ipv6_cidr_block": "",
                "local_gateway_id": "",
                "nat_gateway_id": "nat-0f960033c38e91665",
                "network_interface_id": "",
                "transit_gateway_id": "",
                "vpc_endpoint_id": "",
                "vpc_peering_connection_id": ""
              }
            ],
            "tags": {
              "Name": "udacity-project-private-us-west-1c"
            },
            "tags_all": {
              "Name": "udacity-project-private-us-west-1c"
            },
            "timeouts": null,
            "vpc_id": "vpc-027539fbfbde77248"
          },
          "sensitive_attributes": [],
          "private": "eyJlMmJmYjczMC1lY2FhLTExZTYtOGY4OC0zNDM2M2JjN2M0YzAiOnsiY3JlYXRlIjozMDAwMDAwMDAwMDAsImRlbGV0ZSI6MzAwMDAwMDAwMDAwLCJ1cGRhdGUiOjEyMDAwMDAwMDAwMH19",
          "dependencies": [
            "module.vpc_west.aws_vpc.this"
          ]
        }
      ]
    },
    {
      "module": "module.vpc_west",
      "mode": "managed",
      "type": "aws_route_table",
      "name": "public",
      "provider": "provider[\"registry.terraform.io/hashicorp/aws\"].usw1",
      "instances": [
        {
          "index_key": 0,
          "schema_version": 0,
          "attributes": {
            "arn": "arn:aws:ec2:us-west-1:238710184079:route-table/rtb-05942c8c9b4a83989",
            "id": "rtb-05942c8c9b4a83989",
            "owner_id": "238710184079",
            "propagating_vgws": [],
            "route": [
              {
                "carrier_gateway_id": "",
                "cidr_block": "0.0.0.0/0",
                "core_network_arn": "",
                "destination_prefix_list_id": "",
                "egress_only_gateway_id": "",
                "gateway_id": "igw-05a23af93a5be732a",
                "ipv6_cidr_block": "",
                "local_gateway_id": "",
                "nat_gateway_id": "",
                "network_interface_id": "",
                "transit_gateway_id": "",
                "vpc_endpoint_id": "",
                "vpc_peering_connection_id": ""
              }
            ],
            "tags": {
              "Name": "udacity-project-public"
            },
            "tags_all": {
              "Name": "udacity-project-public"
            },
            "timeouts": null,
            "vpc_id": "vpc-027539fbfbde77248"
          },
          "sensitive_attributes": [],
          "private": "eyJlMmJmYjczMC1lY2FhLTExZTYtOGY4OC0zNDM2M2JjN2M0YzAiOnsiY3JlYXRlIjozMDAwMDAwMDAwMDAsImRlbGV0ZSI6MzAwMDAwMDAwMDAwLCJ1cGRhdGUiOjEyMDAwMDAwMDAwMH19",
          "dependencies": [
            "module.vpc_west.aws_vpc.this"
          ]
        }
      ]
    },
    {
      "module": "module.vpc_west",
      "mode": "managed",
      "type": "aws_route_table_association",
      "name": "private",
      "provider": "provider[\"registry.terraform.io/hashicorp/aws\"].usw1",
      "instances": [
        {
          "index_key": 0,
          "schema_version": 0,
          "attributes": {
            "gateway_id": "",
            "id": "rtbassoc-097ef95dcc7616bc4",
            "route_table_id": "rtb-0cbbe39ccafb31de7",
            "subnet_id": "subnet-075e310bd61161c51",
            "timeouts": null
          },
          "sensitive_attributes": [],
          "private": "eyJlMmJmYjczMC1lY2FhLTExZTYtOGY4OC0zNDM2M2JjN2M0YzAiOnsiY3JlYXRlIjozMDAwMDAwMDAwMDAsImRlbGV0ZSI6MzAwMDAwMDAwMDAwLCJ1cGRhdGUiOjEyMDAwMDAwMDAwMH19",
          "dependencies": [
            "module.vpc_west.aws_route_table.private",
            "module.vpc_west.aws_subnet.private",
            "module.vpc_west.aws_vpc.this"
          ]
        },
        {
          "index_key": 1,
          "schema_version": 0,
          "attributes": {
            "gateway_id": "",
            "id": "rtbassoc-0d334e3739f2d4063",
            "route_table_id": "rtb-0d955a65c06742a69",
            "subnet_id": "subnet-0289e7a70ac9d6b44",
            "timeouts": null
          },
          "sensitive_attributes": [],
          "private": "eyJlMmJmYjczMC1lY2FhLTExZTYtOGY4OC0zNDM2M2JjN2M0YzAiOnsiY3JlYXRlIjozMDAwMDAwMDAwMDAsImRlbGV0ZSI6MzAwMDAwMDAwMDAwLCJ1cGRhdGUiOjEyMDAwMDAwMDAwMH19",
          "dependencies": [
            "module.vpc_west.aws_vpc.this",
            "module.vpc_west.aws_route_table.private",
            "module.vpc_west.aws_subnet.private"
          ]
        }
      ]
    },
    {
      "module": "module.vpc_west",
      "mode": "managed",
      "type": "aws_route_table_association",
      "name": "public",
      "provider": "provider[\"registry.terraform.io/hashicorp/aws\"].usw1",
      "instances": [
        {
          "index_key": 0,
          "schema_version": 0,
          "attributes": {
            "gateway_id": "",
            "id": "rtbassoc-033757cfc41a88619",
            "route_table_id": "rtb-05942c8c9b4a83989",
            "subnet_id": "subnet-0dadbf6a13ff16963",
            "timeouts": null
          },
          "sensitive_attributes": [],
          "private": "eyJlMmJmYjczMC1lY2FhLTExZTYtOGY4OC0zNDM2M2JjN2M0YzAiOnsiY3JlYXRlIjozMDAwMDAwMDAwMDAsImRlbGV0ZSI6MzAwMDAwMDAwMDAwLCJ1cGRhdGUiOjEyMDAwMDAwMDAwMH19",
          "dependencies": [
            "module.vpc_west.aws_route_table.public",
            "module.vpc_west.aws_subnet.public",
            "module.vpc_west.aws_vpc.this"
          ]
        },
        {
          "index_key": 1,
          "schema_version": 0,
          "attributes": {
            "gateway_id": "",
            "id": "rtbassoc-0ed66f819416bff1d",
            "route_table_id": "rtb-05942c8c9b4a83989",
            "subnet_id": "subnet-0cdc9b0f6f6ec0663",
            "timeouts": null
          },
          "sensitive_attributes": [],
          "private": "eyJlMmJmYjczMC1lY2FhLTExZTYtOGY4OC0zNDM2M2JjN2M0YzAiOnsiY3JlYXRlIjozMDAwMDAwMDAwMDAsImRlbGV0ZSI6MzAwMDAwMDAwMDAwLCJ1cGRhdGUiOjEyMDAwMDAwMDAwMH19",
          "dependencies": [
            "module.vpc_west.aws_route_table.public",
            "module.vpc_west.aws_subnet.public",
            "module.vpc_west.aws_vpc.this"
          ]
        }
      ]
    },
    {
      "module": "module.vpc_west",
      "mode": "managed",
      "type": "aws_subnet",
      "name": "private",
      "provider": "provider[\"registry.terraform.io/hashicorp/aws\"].usw1",
      "instances": [
        {
          "index_key": 0,
          "schema_version": 1,
          "attributes": {
            "arn": "arn:aws:ec2:us-west-1:238710184079:subnet/subnet-075e310bd61161c51",
            "assign_ipv6_address_on_creation": false,
            "availability_zone": "us-west-1b",
            "availability_zone_id": "usw1-az3",
            "cidr_block": "10.100.1.0/24",
            "customer_owned_ipv4_pool": "",
            "enable_dns64": false,
            "enable_lni_at_device_index": 0,
            "enable_resource_name_dns_a_record_on_launch": false,
            "enable_resource_name_dns_aaaa_record_on_launch": false,
            "id": "subnet-075e310bd61161c51",
            "ipv6_cidr_block": "",
            "ipv6_cidr_block_association_id": "",
            "ipv6_native": false,
            "map_customer_owned_ip_on_launch": false,
            "map_public_ip_on_launch": false,
            "outpost_arn": "",
            "owner_id": "238710184079",
            "private_dns_hostname_type_on_launch": "ip-name",
            "tags": {
              "Name": "udacity-project-private-us-west-1b",
              "kubernetes.io/role/internal-elb": "1"
            },
            "tags_all": {
              "Name": "udacity-project-private-us-west-1b",
              "kubernetes.io/role/internal-elb": "1"
            },
            "timeouts": null,
            "vpc_id": "vpc-027539fbfbde77248"
          },
          "sensitive_attributes": [],
          "private": "eyJlMmJmYjczMC1lY2FhLTExZTYtOGY4OC0zNDM2M2JjN2M0YzAiOnsiY3JlYXRlIjo2MDAwMDAwMDAwMDAsImRlbGV0ZSI6MTIwMDAwMDAwMDAwMH0sInNjaGVtYV92ZXJzaW9uIjoiMSJ9",
          "dependencies": [
            "module.vpc_west.aws_vpc.this"
          ]
        },
        {
          "index_key": 1,
          "schema_version": 1,
          "attributes": {
            "arn": "arn:aws:ec2:us-west-1:238710184079:subnet/subnet-0289e7a70ac9d6b44",
            "assign_ipv6_address_on_creation": false,
            "availability_zone": "us-west-1c",
            "availability_zone_id": "usw1-az1",
            "cidr_block": "10.100.2.0/24",
            "customer_owned_ipv4_pool": "",
            "enable_dns64": false,
            "enable_lni_at_device_index": 0,
            "enable_resource_name_dns_a_record_on_launch": false,
            "enable_resource_name_dns_aaaa_record_on_launch": false,
            "id": "subnet-0289e7a70ac9d6b44",
            "ipv6_cidr_block": "",
            "ipv6_cidr_block_association_id": "",
            "ipv6_native": false,
            "map_customer_owned_ip_on_launch": false,
            "map_public_ip_on_launch": false,
            "outpost_arn": "",
            "owner_id": "238710184079",
            "private_dns_hostname_type_on_launch": "ip-name",
            "tags": {
              "Name": "udacity-project-private-us-west-1c",
              "kubernetes.io/role/internal-elb": "1"
            },
            "tags_all": {
              "Name": "udacity-project-private-us-west-1c",
              "kubernetes.io/role/internal-elb": "1"
            },
            "timeouts": null,
            "vpc_id": "vpc-027539fbfbde77248"
          },
          "sensitive_attributes": [],
          "private": "eyJlMmJmYjczMC1lY2FhLTExZTYtOGY4OC0zNDM2M2JjN2M0YzAiOnsiY3JlYXRlIjo2MDAwMDAwMDAwMDAsImRlbGV0ZSI6MTIwMDAwMDAwMDAwMH0sInNjaGVtYV92ZXJzaW9uIjoiMSJ9",
          "dependencies": [
            "module.vpc_west.aws_vpc.this"
          ]
        }
      ]
    },
    {
      "module": "module.vpc_west",
      "mode": "managed",
      "type": "aws_subnet",
      "name": "public",
      "provider": "provider[\"registry.terraform.io/hashicorp/aws\"].usw1",
      "instances": [
        {
          "index_key": 0,
          "schema_version": 1,
          "attributes": {
            "arn": "arn:aws:ec2:us-west-1:238710184079:subnet/subnet-0dadbf6a13ff16963",
            "assign_ipv6_address_on_creation": false,
            "availability_zone": "us-west-1b",
            "availability_zone_id": "usw1-az3",
            "cidr_block": "10.100.10.0/24",
            "customer_owned_ipv4_pool": "",
            "enable_dns64": false,
            "enable_lni_at_device_index": 0,
            "enable_resource_name_dns_a_record_on_launch": false,
            "enable_resource_name_dns_aaaa_record_on_launch": false,
            "id": "subnet-0dadbf6a13ff16963",
            "ipv6_cidr_block": "",
            "ipv6_cidr_block_association_id": "",
            "ipv6_native": false,
            "map_customer_owned_ip_on_launch": false,
            "map_public_ip_on_launch": true,
            "outpost_arn": "",
            "owner_id": "238710184079",
            "private_dns_hostname_type_on_launch": "ip-name",
            "tags": {
              "Name": "udacity-project-public-us-west-1b",
              "kubernetes.io/role/elb": "1"
            },
            "tags_all": {
              "Name": "udacity-project-public-us-west-1b",
              "kubernetes.io/role/elb": "1"
            },
            "timeouts": null,
            "vpc_id": "vpc-027539fbfbde77248"
          },
          "sensitive_attributes": [],
          "private": "eyJlMmJmYjczMC1lY2FhLTExZTYtOGY4OC0zNDM2M2JjN2M0YzAiOnsiY3JlYXRlIjo2MDAwMDAwMDAwMDAsImRlbGV0ZSI6MTIwMDAwMDAwMDAwMH0sInNjaGVtYV92ZXJzaW9uIjoiMSJ9",
          "dependencies": [
            "module.vpc_west.aws_vpc.this"
          ]
        },
        {
          "index_key": 1,
          "schema_version": 1,
          "attributes": {
            "arn": "arn:aws:ec2:us-west-1:238710184079:subnet/subnet-0cdc9b0f6f6ec0663",
            "assign_ipv6_address_on_creation": false,
            "availability_zone": "us-west-1c",
            "availability_zone_id": "usw1-az1",
            "cidr_block": "10.100.11.0/24",
            "customer_owned_ipv4_pool": "",
            "enable_dns64": false,
            "enable_lni_at_device_index": 0,
            "enable_resource_name_dns_a_record_on_launch": false,
            "enable_resource_name_dns_aaaa_record_on_launch": false,
            "id": "subnet-0cdc9b0f6f6ec0663",
            "ipv6_cidr_block": "",
            "ipv6_cidr_block_association_id": "",
            "ipv6_native": false,
            "map_customer_owned_ip_on_launch": false,
            "map_public_ip_on_launch": true,
            "outpost_arn": "",
            "owner_id": "238710184079",
            "private_dns_hostname_type_on_launch": "ip-name",
            "tags": {
              "Name": "udacity-project-public-us-west-1c",
              "kubernetes.io/role/elb": "1"
            },
            "tags_all": {
              "Name": "udacity-project-public-us-west-1c",
              "kubernetes.io/role/elb": "1"
            },
            "timeouts": null,
            "vpc_id": "vpc-027539fbfbde77248"
          },
          "sensitive_attributes": [],
          "private": "eyJlMmJmYjczMC1lY2FhLTExZTYtOGY4OC0zNDM2M2JjN2M0YzAiOnsiY3JlYXRlIjo2MDAwMDAwMDAwMDAsImRlbGV0ZSI6MTIwMDAwMDAwMDAwMH0sInNjaGVtYV92ZXJzaW9uIjoiMSJ9",
          "dependencies": [
            "module.vpc_west.aws_vpc.this"
          ]
        }
      ]
    },
    {
      "module": "module.vpc_west",
      "mode": "managed",
      "type": "aws_vpc",
      "name": "this",
      "provider": "provider[\"registry.terraform.io/hashicorp/aws\"].usw1",
      "instances": [
        {
          "schema_version": 1,
          "attributes": {
            "arn": "arn:aws:ec2:us-west-1:238710184079:vpc/vpc-027539fbfbde77248",
            "assign_generated_ipv6_cidr_block": false,
            "cidr_block": "10.100.0.0/16",
            "default_network_acl_id": "acl-043f83144d874c91a",
            "default_route_table_id": "rtb-08464ab96ba13fb7d",
            "default_security_group_id": "sg-0f8b2e007fa65956c",
            "dhcp_options_id": "dopt-0263bd7d84600718c",
            "enable_dns_hostnames": true,
            "enable_dns_support": true,
            "enable_network_address_usage_metrics": false,
            "id": "vpc-027539fbfbde77248",
            "instance_tenancy": "default",
            "ipv4_ipam_pool_id": null,
            "ipv4_netmask_length": null,
            "ipv6_association_id": "",
            "ipv6_cidr_block": "",
            "ipv6_cidr_block_network_border_group": "",
            "ipv6_ipam_pool_id": "",
            "ipv6_netmask_length": 0,
            "main_route_table_id": "rtb-08464ab96ba13fb7d",
            "owner_id": "238710184079",
            "tags": {
              "Name": "udacity-project"
            },
            "tags_all": {
              "Name": "udacity-project"
            }
          },
          "sensitive_attributes": [],
          "private": "eyJzY2hlbWFfdmVyc2lvbiI6IjEifQ=="
        }
      ]
    }
  ]
}
